// !$*UTF8*$!
{
	archiveVersion = 1;
	classes = {
	};
	objectVersion = 52;
	objects = {

/* Begin PBXBuildFile section */
		290CCCA3240D097500526404 /* CountingExerciseTimingScene.swift in Sources */ = {isa = PBXBuildFile; fileRef = 290CCCA2240D097500526404 /* CountingExerciseTimingScene.swift */; };
		291BEE48240C2D6C0043217B /* CountingExerciseScene.swift in Sources */ = {isa = PBXBuildFile; fileRef = 291BEE47240C2D6C0043217B /* CountingExerciseScene.swift */; };
		2921E30624071B4800119589 /* Display2Scene.swift in Sources */ = {isa = PBXBuildFile; fileRef = 2921E30524071B4800119589 /* Display2Scene.swift */; };
		2929AB3623FC8B0E00AC18C1 /* IntervalQuizScene.swift in Sources */ = {isa = PBXBuildFile; fileRef = 2929AB3523FC8B0E00AC18C1 /* IntervalQuizScene.swift */; };
		2929AB3923FC915200AC18C1 /* Note.swift in Sources */ = {isa = PBXBuildFile; fileRef = 2929AB3823FC915200AC18C1 /* Note.swift */; };
		2945344D23EA0B2D00F92152 /* MIKMIDI.framework in Frameworks */ = {isa = PBXBuildFile; fileRef = 2945344823EA0AB200F92152 /* MIKMIDI.framework */; };
		2945344E23EA0B2D00F92152 /* MIKMIDI.framework in Embed Frameworks */ = {isa = PBXBuildFile; fileRef = 2945344823EA0AB200F92152 /* MIKMIDI.framework */; settings = {ATTRIBUTES = (CodeSignOnCopy, RemoveHeadersOnCopy, ); }; };
		2945345223EA16E700F92152 /* sample.mid in Resources */ = {isa = PBXBuildFile; fileRef = 2945345123EA16E700F92152 /* sample.mid */; };
		2950286123FC1B6B00073C4E /* GenericViewController.swift in Sources */ = {isa = PBXBuildFile; fileRef = 2950286023FC1B6B00073C4E /* GenericViewController.swift */; };
		2950286323FC1BCA00073C4E /* IntervalDisplayScene.swift in Sources */ = {isa = PBXBuildFile; fileRef = 2950286223FC1BCA00073C4E /* IntervalDisplayScene.swift */; };
		295B83A324000DAE00993564 /* IntervalGameScene.swift in Sources */ = {isa = PBXBuildFile; fileRef = 295B83A224000DAE00993564 /* IntervalGameScene.swift */; };
		295B83A6240013D500993564 /* Percent in Frameworks */ = {isa = PBXBuildFile; productRef = 295B83A5240013D500993564 /* Percent */; };
		2964B39523E6EB9100E6BABF /* DefaultGameScene.swift in Sources */ = {isa = PBXBuildFile; fileRef = 2964B39423E6EB9100E6BABF /* DefaultGameScene.swift */; };
		296B1B8E23EB320300A7D97B /* AppDelegate.swift in Sources */ = {isa = PBXBuildFile; fileRef = 296B1B8D23EB320300A7D97B /* AppDelegate.swift */; };
		296B1B9023EB320300A7D97B /* SceneDelegate.swift in Sources */ = {isa = PBXBuildFile; fileRef = 296B1B8F23EB320300A7D97B /* SceneDelegate.swift */; };
		296B1B9223EB320300A7D97B /* ViewController.swift in Sources */ = {isa = PBXBuildFile; fileRef = 296B1B9123EB320300A7D97B /* ViewController.swift */; };
		296B1B9523EB320300A7D97B /* Main.storyboard in Resources */ = {isa = PBXBuildFile; fileRef = 296B1B9323EB320300A7D97B /* Main.storyboard */; };
		296B1B9723EB320700A7D97B /* Assets.xcassets in Resources */ = {isa = PBXBuildFile; fileRef = 296B1B9623EB320700A7D97B /* Assets.xcassets */; };
		296B1B9A23EB320700A7D97B /* LaunchScreen.storyboard in Resources */ = {isa = PBXBuildFile; fileRef = 296B1B9823EB320700A7D97B /* LaunchScreen.storyboard */; };
		296B1BA223EB334800A7D97B /* MIKMIDI.framework in Frameworks */ = {isa = PBXBuildFile; fileRef = 2945344A23EA0AB200F92152 /* MIKMIDI.framework */; };
		296B1BA323EB334800A7D97B /* MIKMIDI.framework in Embed Frameworks */ = {isa = PBXBuildFile; fileRef = 2945344A23EA0AB200F92152 /* MIKMIDI.framework */; settings = {ATTRIBUTES = (CodeSignOnCopy, RemoveHeadersOnCopy, ); }; };
		296B1BA623EB7C7700A7D97B /* QuizViewController.swift in Sources */ = {isa = PBXBuildFile; fileRef = 296B1BA523EB7C7700A7D97B /* QuizViewController.swift */; };
		296B1BA823EB7C8300A7D97B /* QuizGameScene.swift in Sources */ = {isa = PBXBuildFile; fileRef = 296B1BA723EB7C8300A7D97B /* QuizGameScene.swift */; };
		29818D3F23EB8711009E71F2 /* DisplayViewController.swift in Sources */ = {isa = PBXBuildFile; fileRef = 29818D3E23EB8711009E71F2 /* DisplayViewController.swift */; };
		29818D4123EB8721009E71F2 /* DisplayGameScene.swift in Sources */ = {isa = PBXBuildFile; fileRef = 29818D4023EB8721009E71F2 /* DisplayGameScene.swift */; };
		299F7AB723EB88D0008E6F56 /* SimpleQuizViewController.swift in Sources */ = {isa = PBXBuildFile; fileRef = 299F7AB623EB88D0008E6F56 /* SimpleQuizViewController.swift */; };
		299F7AB923EB88DB008E6F56 /* SimpleQuizGameScene.swift in Sources */ = {isa = PBXBuildFile; fileRef = 299F7AB823EB88DB008E6F56 /* SimpleQuizGameScene.swift */; };
		29B1CAB5240C13D000A653AA /* IntervalQuizPhysicsDisplayScene.swift in Sources */ = {isa = PBXBuildFile; fileRef = 29B1CAB4240C13D000A653AA /* IntervalQuizPhysicsDisplayScene.swift */; };
		29C198D323EF712C007950DE /* wedding.mid in Resources */ = {isa = PBXBuildFile; fileRef = 29C198CF23EF712C007950DE /* wedding.mid */; };
		29C363D523F14CAF003C4DF4 /* SimpleQuizGameScene.swift in Sources */ = {isa = PBXBuildFile; fileRef = 299F7AB823EB88DB008E6F56 /* SimpleQuizGameScene.swift */; };
		29C363D623F14CF0003C4DF4 /* QuizGameScene.swift in Sources */ = {isa = PBXBuildFile; fileRef = 296B1BA723EB7C8300A7D97B /* QuizGameScene.swift */; };
		29D7DF3423E765BF00760A8D /* PlayerCharacterNode.swift in Sources */ = {isa = PBXBuildFile; fileRef = 29D7DF3323E765BF00760A8D /* PlayerCharacterNode.swift */; };
		29D7DF3623E7680F00760A8D /* GroundNode.swift in Sources */ = {isa = PBXBuildFile; fileRef = 29D7DF3523E7680F00760A8D /* GroundNode.swift */; };
		29D7DF3823E771A400760A8D /* SpikesNode.swift in Sources */ = {isa = PBXBuildFile; fileRef = 29D7DF3723E771A400760A8D /* SpikesNode.swift */; };
		29D7DF3A23E7724600760A8D /* GenericRectanglePhysicsNode.swift in Sources */ = {isa = PBXBuildFile; fileRef = 29D7DF3923E7724600760A8D /* GenericRectanglePhysicsNode.swift */; };
		29D7DF3C23E7737C00760A8D /* CircleTextNode.swift in Sources */ = {isa = PBXBuildFile; fileRef = 29D7DF3B23E7737C00760A8D /* CircleTextNode.swift */; };
		29D7DF3E23E7751F00760A8D /* ScaleNode.swift in Sources */ = {isa = PBXBuildFile; fileRef = 29D7DF3D23E7751F00760A8D /* ScaleNode.swift */; };
		29DF725A240A614D004DD36F /* IntervalQuizDisplay2Scene.swift in Sources */ = {isa = PBXBuildFile; fileRef = 29DF7259240A614D004DD36F /* IntervalQuizDisplay2Scene.swift */; };
		29DF725C240A6176004DD36F /* TypesAliases.swift in Sources */ = {isa = PBXBuildFile; fileRef = 29DF725B240A6176004DD36F /* TypesAliases.swift */; };
		29DF725E240A6687004DD36F /* Operators.swift in Sources */ = {isa = PBXBuildFile; fileRef = 29DF725D240A6687004DD36F /* Operators.swift */; };
		29E7DDDF23FC91F900D15166 /* Interval.swift in Sources */ = {isa = PBXBuildFile; fileRef = 29E7DDDE23FC91F900D15166 /* Interval.swift */; };
		29E87DCE240A88C500A0BA0A /* PhysicsDisplayScene.swift in Sources */ = {isa = PBXBuildFile; fileRef = 29E87DCD240A88C500A0BA0A /* PhysicsDisplayScene.swift */; };
		29F7524323E6DBA600CC776C /* AppDelegate.swift in Sources */ = {isa = PBXBuildFile; fileRef = 29F7524223E6DBA600CC776C /* AppDelegate.swift */; };
		29F7524523E6DBA600CC776C /* DefaultViewController.swift in Sources */ = {isa = PBXBuildFile; fileRef = 29F7524423E6DBA600CC776C /* DefaultViewController.swift */; };
		29F7524723E6DBA700CC776C /* Assets.xcassets in Resources */ = {isa = PBXBuildFile; fileRef = 29F7524623E6DBA700CC776C /* Assets.xcassets */; };
		29F7524A23E6DBA700CC776C /* Main.storyboard in Resources */ = {isa = PBXBuildFile; fileRef = 29F7524823E6DBA700CC776C /* Main.storyboard */; };
		29F7525523E6E52500CC776C /* SpriteKit.framework in Frameworks */ = {isa = PBXBuildFile; fileRef = 29F7525423E6E52500CC776C /* SpriteKit.framework */; };
/* End PBXBuildFile section */

/* Begin PBXContainerItemProxy section */
		2945344723EA0AB200F92152 /* PBXContainerItemProxy */ = {
			isa = PBXContainerItemProxy;
			containerPortal = 2945344123EA0AB200F92152 /* MIKMIDI.xcodeproj */;
			proxyType = 2;
			remoteGlobalIDString = 9D74EEA517A7129300BEE89F;
			remoteInfo = MIKMIDI;
		};
		2945344923EA0AB200F92152 /* PBXContainerItemProxy */ = {
			isa = PBXContainerItemProxy;
			containerPortal = 2945344123EA0AB200F92152 /* MIKMIDI.xcodeproj */;
			proxyType = 2;
			remoteGlobalIDString = 9DAF8B061A7AFF1100F46528;
			remoteInfo = "MIKMIDI-iOS";
		};
		2945344B23EA0AB200F92152 /* PBXContainerItemProxy */ = {
			isa = PBXContainerItemProxy;
			containerPortal = 2945344123EA0AB200F92152 /* MIKMIDI.xcodeproj */;
			proxyType = 2;
			remoteGlobalIDString = 9D4DF13A1AAB57430065F004;
			remoteInfo = "MIKMIDI Tests";
		};
/* End PBXContainerItemProxy section */

/* Begin PBXCopyFilesBuildPhase section */
		2945344F23EA0B2D00F92152 /* Embed Frameworks */ = {
			isa = PBXCopyFilesBuildPhase;
			buildActionMask = 2147483647;
			dstPath = "";
			dstSubfolderSpec = 10;
			files = (
				2945344E23EA0B2D00F92152 /* MIKMIDI.framework in Embed Frameworks */,
			);
			name = "Embed Frameworks";
			runOnlyForDeploymentPostprocessing = 0;
		};
		296B1BA423EB334800A7D97B /* Embed Frameworks */ = {
			isa = PBXCopyFilesBuildPhase;
			buildActionMask = 2147483647;
			dstPath = "";
			dstSubfolderSpec = 10;
			files = (
				296B1BA323EB334800A7D97B /* MIKMIDI.framework in Embed Frameworks */,
			);
			name = "Embed Frameworks";
			runOnlyForDeploymentPostprocessing = 0;
		};
/* End PBXCopyFilesBuildPhase section */

/* Begin PBXFileReference section */
		290CCCA2240D097500526404 /* CountingExerciseTimingScene.swift */ = {isa = PBXFileReference; fileEncoding = 4; lastKnownFileType = sourcecode.swift; path = CountingExerciseTimingScene.swift; sourceTree = "<group>"; };
		291BEE47240C2D6C0043217B /* CountingExerciseScene.swift */ = {isa = PBXFileReference; fileEncoding = 4; lastKnownFileType = sourcecode.swift; path = CountingExerciseScene.swift; sourceTree = "<group>"; };
		2921E30524071B4800119589 /* Display2Scene.swift */ = {isa = PBXFileReference; fileEncoding = 4; lastKnownFileType = sourcecode.swift; path = Display2Scene.swift; sourceTree = "<group>"; };
		2929AB3523FC8B0E00AC18C1 /* IntervalQuizScene.swift */ = {isa = PBXFileReference; fileEncoding = 4; lastKnownFileType = sourcecode.swift; path = IntervalQuizScene.swift; sourceTree = "<group>"; };
		2929AB3823FC915200AC18C1 /* Note.swift */ = {isa = PBXFileReference; lastKnownFileType = sourcecode.swift; path = Note.swift; sourceTree = "<group>"; };
		2945344123EA0AB200F92152 /* MIKMIDI.xcodeproj */ = {isa = PBXFileReference; lastKnownFileType = "wrapper.pb-project"; name = MIKMIDI.xcodeproj; path = Frameworks/MIKMIDI/Framework/MIKMIDI.xcodeproj; sourceTree = "<group>"; };
		2945345123EA16E700F92152 /* sample.mid */ = {isa = PBXFileReference; lastKnownFileType = audio.midi; path = sample.mid; sourceTree = "<group>"; };
		2950286023FC1B6B00073C4E /* GenericViewController.swift */ = {isa = PBXFileReference; fileEncoding = 4; lastKnownFileType = sourcecode.swift; path = GenericViewController.swift; sourceTree = "<group>"; };
		2950286223FC1BCA00073C4E /* IntervalDisplayScene.swift */ = {isa = PBXFileReference; fileEncoding = 4; lastKnownFileType = sourcecode.swift; path = IntervalDisplayScene.swift; sourceTree = "<group>"; };
		295B83A224000DAE00993564 /* IntervalGameScene.swift */ = {isa = PBXFileReference; fileEncoding = 4; lastKnownFileType = sourcecode.swift; name = IntervalGameScene.swift; path = PianoGame/Src/IntervalGame/IntervalGameScene.swift; sourceTree = SOURCE_ROOT; };
		2964B39423E6EB9100E6BABF /* DefaultGameScene.swift */ = {isa = PBXFileReference; lastKnownFileType = sourcecode.swift; path = DefaultGameScene.swift; sourceTree = "<group>"; };
		296B1B8B23EB320300A7D97B /* PianoGame_iPad.app */ = {isa = PBXFileReference; explicitFileType = wrapper.application; includeInIndex = 0; path = PianoGame_iPad.app; sourceTree = BUILT_PRODUCTS_DIR; };
		296B1B8D23EB320300A7D97B /* AppDelegate.swift */ = {isa = PBXFileReference; lastKnownFileType = sourcecode.swift; path = AppDelegate.swift; sourceTree = "<group>"; };
		296B1B8F23EB320300A7D97B /* SceneDelegate.swift */ = {isa = PBXFileReference; lastKnownFileType = sourcecode.swift; path = SceneDelegate.swift; sourceTree = "<group>"; };
		296B1B9123EB320300A7D97B /* ViewController.swift */ = {isa = PBXFileReference; lastKnownFileType = sourcecode.swift; path = ViewController.swift; sourceTree = "<group>"; };
		296B1B9423EB320300A7D97B /* Base */ = {isa = PBXFileReference; lastKnownFileType = file.storyboard; name = Base; path = Base.lproj/Main.storyboard; sourceTree = "<group>"; };
		296B1B9623EB320700A7D97B /* Assets.xcassets */ = {isa = PBXFileReference; lastKnownFileType = folder.assetcatalog; path = Assets.xcassets; sourceTree = "<group>"; };
		296B1B9923EB320700A7D97B /* Base */ = {isa = PBXFileReference; lastKnownFileType = file.storyboard; name = Base; path = Base.lproj/LaunchScreen.storyboard; sourceTree = "<group>"; };
		296B1B9B23EB320700A7D97B /* Info.plist */ = {isa = PBXFileReference; lastKnownFileType = text.plist.xml; path = Info.plist; sourceTree = "<group>"; };
		296B1BA523EB7C7700A7D97B /* QuizViewController.swift */ = {isa = PBXFileReference; fileEncoding = 4; lastKnownFileType = sourcecode.swift; path = QuizViewController.swift; sourceTree = "<group>"; };
		296B1BA723EB7C8300A7D97B /* QuizGameScene.swift */ = {isa = PBXFileReference; fileEncoding = 4; lastKnownFileType = sourcecode.swift; path = QuizGameScene.swift; sourceTree = "<group>"; };
		29818D3E23EB8711009E71F2 /* DisplayViewController.swift */ = {isa = PBXFileReference; fileEncoding = 4; lastKnownFileType = sourcecode.swift; path = DisplayViewController.swift; sourceTree = "<group>"; };
		29818D4023EB8721009E71F2 /* DisplayGameScene.swift */ = {isa = PBXFileReference; fileEncoding = 4; lastKnownFileType = sourcecode.swift; path = DisplayGameScene.swift; sourceTree = "<group>"; };
		299F7AB623EB88D0008E6F56 /* SimpleQuizViewController.swift */ = {isa = PBXFileReference; fileEncoding = 4; lastKnownFileType = sourcecode.swift; path = SimpleQuizViewController.swift; sourceTree = "<group>"; };
		299F7AB823EB88DB008E6F56 /* SimpleQuizGameScene.swift */ = {isa = PBXFileReference; fileEncoding = 4; lastKnownFileType = sourcecode.swift; path = SimpleQuizGameScene.swift; sourceTree = "<group>"; };
		29B1CAB4240C13D000A653AA /* IntervalQuizPhysicsDisplayScene.swift */ = {isa = PBXFileReference; fileEncoding = 4; lastKnownFileType = sourcecode.swift; path = IntervalQuizPhysicsDisplayScene.swift; sourceTree = "<group>"; };
		29C198CF23EF712C007950DE /* wedding.mid */ = {isa = PBXFileReference; lastKnownFileType = audio.midi; path = wedding.mid; sourceTree = "<group>"; };
		29D7DF3323E765BF00760A8D /* PlayerCharacterNode.swift */ = {isa = PBXFileReference; lastKnownFileType = sourcecode.swift; path = PlayerCharacterNode.swift; sourceTree = "<group>"; };
		29D7DF3523E7680F00760A8D /* GroundNode.swift */ = {isa = PBXFileReference; lastKnownFileType = sourcecode.swift; path = GroundNode.swift; sourceTree = "<group>"; };
		29D7DF3723E771A400760A8D /* SpikesNode.swift */ = {isa = PBXFileReference; lastKnownFileType = sourcecode.swift; path = SpikesNode.swift; sourceTree = "<group>"; };
		29D7DF3923E7724600760A8D /* GenericRectanglePhysicsNode.swift */ = {isa = PBXFileReference; lastKnownFileType = sourcecode.swift; path = GenericRectanglePhysicsNode.swift; sourceTree = "<group>"; };
		29D7DF3B23E7737C00760A8D /* CircleTextNode.swift */ = {isa = PBXFileReference; lastKnownFileType = sourcecode.swift; path = CircleTextNode.swift; sourceTree = "<group>"; };
		29D7DF3D23E7751F00760A8D /* ScaleNode.swift */ = {isa = PBXFileReference; lastKnownFileType = sourcecode.swift; path = ScaleNode.swift; sourceTree = "<group>"; };
		29DF7259240A614D004DD36F /* IntervalQuizDisplay2Scene.swift */ = {isa = PBXFileReference; fileEncoding = 4; lastKnownFileType = sourcecode.swift; path = IntervalQuizDisplay2Scene.swift; sourceTree = "<group>"; };
		29DF725B240A6176004DD36F /* TypesAliases.swift */ = {isa = PBXFileReference; lastKnownFileType = sourcecode.swift; path = TypesAliases.swift; sourceTree = "<group>"; };
		29DF725D240A6687004DD36F /* Operators.swift */ = {isa = PBXFileReference; lastKnownFileType = sourcecode.swift; path = Operators.swift; sourceTree = "<group>"; };
		29E7DDDE23FC91F900D15166 /* Interval.swift */ = {isa = PBXFileReference; lastKnownFileType = sourcecode.swift; path = Interval.swift; sourceTree = "<group>"; };
		29E87DCD240A88C500A0BA0A /* PhysicsDisplayScene.swift */ = {isa = PBXFileReference; fileEncoding = 4; lastKnownFileType = sourcecode.swift; path = PhysicsDisplayScene.swift; sourceTree = "<group>"; };
		29F7523F23E6DBA600CC776C /* PianoGame.app */ = {isa = PBXFileReference; explicitFileType = wrapper.application; includeInIndex = 0; path = PianoGame.app; sourceTree = BUILT_PRODUCTS_DIR; };
		29F7524223E6DBA600CC776C /* AppDelegate.swift */ = {isa = PBXFileReference; lastKnownFileType = sourcecode.swift; path = AppDelegate.swift; sourceTree = "<group>"; };
		29F7524423E6DBA600CC776C /* DefaultViewController.swift */ = {isa = PBXFileReference; lastKnownFileType = sourcecode.swift; path = DefaultViewController.swift; sourceTree = "<group>"; };
		29F7524623E6DBA700CC776C /* Assets.xcassets */ = {isa = PBXFileReference; lastKnownFileType = folder.assetcatalog; path = Assets.xcassets; sourceTree = "<group>"; };
		29F7524923E6DBA700CC776C /* Base */ = {isa = PBXFileReference; lastKnownFileType = file.storyboard; name = Base; path = Base.lproj/Main.storyboard; sourceTree = "<group>"; };
		29F7524B23E6DBA700CC776C /* Info.plist */ = {isa = PBXFileReference; lastKnownFileType = text.plist.xml; path = Info.plist; sourceTree = "<group>"; };
		29F7524C23E6DBA700CC776C /* PianoGame.entitlements */ = {isa = PBXFileReference; lastKnownFileType = text.plist.entitlements; path = PianoGame.entitlements; sourceTree = "<group>"; };
		29F7525423E6E52500CC776C /* SpriteKit.framework */ = {isa = PBXFileReference; lastKnownFileType = wrapper.framework; name = SpriteKit.framework; path = System/Library/Frameworks/SpriteKit.framework; sourceTree = SDKROOT; };
/* End PBXFileReference section */

/* Begin PBXFrameworksBuildPhase section */
		296B1B8823EB320300A7D97B /* Frameworks */ = {
			isa = PBXFrameworksBuildPhase;
			buildActionMask = 2147483647;
			files = (
				296B1BA223EB334800A7D97B /* MIKMIDI.framework in Frameworks */,
			);
			runOnlyForDeploymentPostprocessing = 0;
		};
		29F7523C23E6DBA600CC776C /* Frameworks */ = {
			isa = PBXFrameworksBuildPhase;
			buildActionMask = 2147483647;
			files = (
				295B83A6240013D500993564 /* Percent in Frameworks */,
				29F7525523E6E52500CC776C /* SpriteKit.framework in Frameworks */,
				2945344D23EA0B2D00F92152 /* MIKMIDI.framework in Frameworks */,
			);
			runOnlyForDeploymentPostprocessing = 0;
		};
/* End PBXFrameworksBuildPhase section */

/* Begin PBXGroup section */
		290CCC9E240D095C00526404 /* CountingExerciseTiming */ = {
			isa = PBXGroup;
			children = (
				290CCCA2240D097500526404 /* CountingExerciseTimingScene.swift */,
			);
			path = CountingExerciseTiming;
			sourceTree = "<group>";
		};
		291BEE43240C2D4A0043217B /* CountingExercise */ = {
			isa = PBXGroup;
			children = (
				291BEE47240C2D6C0043217B /* CountingExerciseScene.swift */,
			);
			path = CountingExercise;
			sourceTree = "<group>";
		};
		2921E30124071B0100119589 /* Display2 */ = {
			isa = PBXGroup;
			children = (
				2921E30524071B4800119589 /* Display2Scene.swift */,
			);
			path = Display2;
			sourceTree = "<group>";
		};
		2929AB3123FC8AEF00AC18C1 /* IntervalQuiz */ = {
			isa = PBXGroup;
			children = (
				2929AB3523FC8B0E00AC18C1 /* IntervalQuizScene.swift */,
			);
			path = IntervalQuiz;
			sourceTree = "<group>";
		};
		2929AB3D23FC916400AC18C1 /* Models */ = {
			isa = PBXGroup;
			children = (
				2929AB3823FC915200AC18C1 /* Note.swift */,
				29E7DDDE23FC91F900D15166 /* Interval.swift */,
			);
			path = Models;
			sourceTree = "<group>";
		};
		2945344223EA0AB200F92152 /* Products */ = {
			isa = PBXGroup;
			children = (
				2945344823EA0AB200F92152 /* MIKMIDI.framework */,
				2945344A23EA0AB200F92152 /* MIKMIDI.framework */,
				2945344C23EA0AB200F92152 /* MIKMIDI Tests.xctest */,
			);
			name = Products;
			sourceTree = "<group>";
		};
		2945345023EA16C200F92152 /* Resources */ = {
			isa = PBXGroup;
			children = (
				2945345123EA16E700F92152 /* sample.mid */,
				29C198CF23EF712C007950DE /* wedding.mid */,
			);
			path = Resources;
			sourceTree = "<group>";
		};
		2950285C23FC1B4800073C4E /* IntervalDisplay */ = {
			isa = PBXGroup;
			children = (
				2950286223FC1BCA00073C4E /* IntervalDisplayScene.swift */,
			);
			path = IntervalDisplay;
			sourceTree = "<group>";
		};
		295B839E24000D8900993564 /* IntervalGame */ = {
			isa = PBXGroup;
			children = (
				295B83A224000DAE00993564 /* IntervalGameScene.swift */,
			);
			path = IntervalGame;
			sourceTree = "<group>";
		};
		296B1B8C23EB320300A7D97B /* PianoGame_iPad */ = {
			isa = PBXGroup;
			children = (
				296B1B8D23EB320300A7D97B /* AppDelegate.swift */,
				296B1B8F23EB320300A7D97B /* SceneDelegate.swift */,
				296B1B9123EB320300A7D97B /* ViewController.swift */,
				296B1B9323EB320300A7D97B /* Main.storyboard */,
				296B1B9623EB320700A7D97B /* Assets.xcassets */,
				296B1B9823EB320700A7D97B /* LaunchScreen.storyboard */,
				296B1B9B23EB320700A7D97B /* Info.plist */,
			);
			path = PianoGame_iPad;
			sourceTree = "<group>";
		};
		296B1BA923EB7C8600A7D97B /* Quiz */ = {
			isa = PBXGroup;
			children = (
				296B1BA523EB7C7700A7D97B /* QuizViewController.swift */,
				296B1BA723EB7C8300A7D97B /* QuizGameScene.swift */,
			);
			path = Quiz;
			sourceTree = "<group>";
		};
		29818D3A23EB86EE009E71F2 /* Display */ = {
			isa = PBXGroup;
			children = (
				29818D3E23EB8711009E71F2 /* DisplayViewController.swift */,
				29818D4023EB8721009E71F2 /* DisplayGameScene.swift */,
			);
			path = Display;
			sourceTree = "<group>";
		};
		298E410B23EEC6920064288E /* DefaultGame */ = {
			isa = PBXGroup;
			children = (
				29F7524423E6DBA600CC776C /* DefaultViewController.swift */,
				2964B39423E6EB9100E6BABF /* DefaultGameScene.swift */,
				29D7DF3223E765A600760A8D /* Nodes */,
			);
			path = DefaultGame;
			sourceTree = "<group>";
		};
		299F7AB223EB88B2008E6F56 /* SimpleQuiz */ = {
			isa = PBXGroup;
			children = (
				299F7AB623EB88D0008E6F56 /* SimpleQuizViewController.swift */,
				299F7AB823EB88DB008E6F56 /* SimpleQuizGameScene.swift */,
			);
			path = SimpleQuiz;
			sourceTree = "<group>";
		};
		29B1CAB0240C13AC00A653AA /* IntervalQuizPhysicsDisplay */ = {
			isa = PBXGroup;
			children = (
				29B1CAB4240C13D000A653AA /* IntervalQuizPhysicsDisplayScene.swift */,
			);
			path = IntervalQuizPhysicsDisplay;
			sourceTree = "<group>";
		};
		29D7DF3223E765A600760A8D /* Nodes */ = {
			isa = PBXGroup;
			children = (
				29D7DF3923E7724600760A8D /* GenericRectanglePhysicsNode.swift */,
				29D7DF3323E765BF00760A8D /* PlayerCharacterNode.swift */,
				29D7DF3523E7680F00760A8D /* GroundNode.swift */,
				29D7DF3723E771A400760A8D /* SpikesNode.swift */,
				29D7DF3B23E7737C00760A8D /* CircleTextNode.swift */,
				29D7DF3D23E7751F00760A8D /* ScaleNode.swift */,
			);
			path = Nodes;
			sourceTree = "<group>";
		};
		29DF7255240A6120004DD36F /* IntervalQuizDisplay2 */ = {
			isa = PBXGroup;
			children = (
				29DF7259240A614D004DD36F /* IntervalQuizDisplay2Scene.swift */,
			);
			path = IntervalQuizDisplay2;
			sourceTree = "<group>";
		};
		29E87DC9240A88A700A0BA0A /* PhysicsDisplay */ = {
			isa = PBXGroup;
			children = (
				29E87DCD240A88C500A0BA0A /* PhysicsDisplayScene.swift */,
			);
			path = PhysicsDisplay;
			sourceTree = "<group>";
		};
		29F7523623E6DBA500CC776C = {
			isa = PBXGroup;
			children = (
				29F7524123E6DBA600CC776C /* PianoGame */,
				296B1B8C23EB320300A7D97B /* PianoGame_iPad */,
				29F7524023E6DBA600CC776C /* Products */,
				29F7525323E6E52500CC776C /* Frameworks */,
			);
			sourceTree = "<group>";
		};
		29F7524023E6DBA600CC776C /* Products */ = {
			isa = PBXGroup;
			children = (
				29F7523F23E6DBA600CC776C /* PianoGame.app */,
				296B1B8B23EB320300A7D97B /* PianoGame_iPad.app */,
			);
			name = Products;
			sourceTree = "<group>";
		};
		29F7524123E6DBA600CC776C /* PianoGame */ = {
			isa = PBXGroup;
			children = (
				29F7524B23E6DBA700CC776C /* Info.plist */,
				29F7524C23E6DBA700CC776C /* PianoGame.entitlements */,
				29F7524623E6DBA700CC776C /* Assets.xcassets */,
				2945345023EA16C200F92152 /* Resources */,
				29F7525223E6E3EA00CC776C /* Src */,
			);
			path = PianoGame;
			sourceTree = "<group>";
		};
		29F7525223E6E3EA00CC776C /* Src */ = {
			isa = PBXGroup;
			children = (
				29F7524823E6DBA700CC776C /* Main.storyboard */,
				29F7524223E6DBA600CC776C /* AppDelegate.swift */,
				2950286023FC1B6B00073C4E /* GenericViewController.swift */,
				29DF725B240A6176004DD36F /* TypesAliases.swift */,
				29DF725D240A6687004DD36F /* Operators.swift */,
				2929AB3D23FC916400AC18C1 /* Models */,
				290CCC9E240D095C00526404 /* CountingExerciseTiming */,
				291BEE43240C2D4A0043217B /* CountingExercise */,
				29B1CAB0240C13AC00A653AA /* IntervalQuizPhysicsDisplay */,
				29E87DC9240A88A700A0BA0A /* PhysicsDisplay */,
				29DF7255240A6120004DD36F /* IntervalQuizDisplay2 */,
				2921E30124071B0100119589 /* Display2 */,
				295B839E24000D8900993564 /* IntervalGame */,
				2929AB3123FC8AEF00AC18C1 /* IntervalQuiz */,
				2950285C23FC1B4800073C4E /* IntervalDisplay */,
				298E410B23EEC6920064288E /* DefaultGame */,
				299F7AB223EB88B2008E6F56 /* SimpleQuiz */,
				29818D3A23EB86EE009E71F2 /* Display */,
				296B1BA923EB7C8600A7D97B /* Quiz */,
			);
			path = Src;
			sourceTree = "<group>";
		};
		29F7525323E6E52500CC776C /* Frameworks */ = {
			isa = PBXGroup;
			children = (
				2945344123EA0AB200F92152 /* MIKMIDI.xcodeproj */,
				29F7525423E6E52500CC776C /* SpriteKit.framework */,
			);
			name = Frameworks;
			sourceTree = "<group>";
		};
/* End PBXGroup section */

/* Begin PBXNativeTarget section */
		296B1B8A23EB320300A7D97B /* PianoGame_iPad */ = {
			isa = PBXNativeTarget;
			buildConfigurationList = 296B1BA123EB320700A7D97B /* Build configuration list for PBXNativeTarget "PianoGame_iPad" */;
			buildPhases = (
				296B1B8723EB320300A7D97B /* Sources */,
				296B1B8823EB320300A7D97B /* Frameworks */,
				296B1B8923EB320300A7D97B /* Resources */,
				296B1BA423EB334800A7D97B /* Embed Frameworks */,
			);
			buildRules = (
			);
			dependencies = (
			);
			name = PianoGame_iPad;
			productName = PianoGame_iPad;
			productReference = 296B1B8B23EB320300A7D97B /* PianoGame_iPad.app */;
			productType = "com.apple.product-type.application";
		};
		29F7523E23E6DBA600CC776C /* PianoGame */ = {
			isa = PBXNativeTarget;
			buildConfigurationList = 29F7524F23E6DBA700CC776C /* Build configuration list for PBXNativeTarget "PianoGame" */;
			buildPhases = (
				29F7523B23E6DBA600CC776C /* Sources */,
				29F7523C23E6DBA600CC776C /* Frameworks */,
				29F7523D23E6DBA600CC776C /* Resources */,
				2945344F23EA0B2D00F92152 /* Embed Frameworks */,
			);
			buildRules = (
			);
			dependencies = (
			);
			name = PianoGame;
			packageProductDependencies = (
				295B83A5240013D500993564 /* Percent */,
			);
			productName = PianoGame;
			productReference = 29F7523F23E6DBA600CC776C /* PianoGame.app */;
			productType = "com.apple.product-type.application";
		};
/* End PBXNativeTarget section */

/* Begin PBXProject section */
		29F7523723E6DBA600CC776C /* Project object */ = {
			isa = PBXProject;
			attributes = {
				LastSwiftUpdateCheck = 1130;
				LastUpgradeCheck = 1100;
				ORGANIZATIONNAME = "Alexandre Bintz";
				TargetAttributes = {
					296B1B8A23EB320300A7D97B = {
						CreatedOnToolsVersion = 11.3.1;
					};
					29F7523E23E6DBA600CC776C = {
						CreatedOnToolsVersion = 11.0;
					};
				};
			};
			buildConfigurationList = 29F7523A23E6DBA600CC776C /* Build configuration list for PBXProject "PianoGame" */;
			compatibilityVersion = "Xcode 9.3";
			developmentRegion = en;
			hasScannedForEncodings = 0;
			knownRegions = (
				en,
				Base,
			);
			mainGroup = 29F7523623E6DBA500CC776C;
			packageReferences = (
				295B83A4240013D500993564 /* XCRemoteSwiftPackageReference "Percentage" */,
			);
			productRefGroup = 29F7524023E6DBA600CC776C /* Products */;
			projectDirPath = "";
			projectReferences = (
				{
					ProductGroup = 2945344223EA0AB200F92152 /* Products */;
					ProjectRef = 2945344123EA0AB200F92152 /* MIKMIDI.xcodeproj */;
				},
			);
			projectRoot = "";
			targets = (
				29F7523E23E6DBA600CC776C /* PianoGame */,
				296B1B8A23EB320300A7D97B /* PianoGame_iPad */,
			);
		};
/* End PBXProject section */

/* Begin PBXReferenceProxy section */
		2945344823EA0AB200F92152 /* MIKMIDI.framework */ = {
			isa = PBXReferenceProxy;
			fileType = wrapper.framework;
			path = MIKMIDI.framework;
			remoteRef = 2945344723EA0AB200F92152 /* PBXContainerItemProxy */;
			sourceTree = BUILT_PRODUCTS_DIR;
		};
		2945344A23EA0AB200F92152 /* MIKMIDI.framework */ = {
			isa = PBXReferenceProxy;
			fileType = wrapper.framework;
			path = MIKMIDI.framework;
			remoteRef = 2945344923EA0AB200F92152 /* PBXContainerItemProxy */;
			sourceTree = BUILT_PRODUCTS_DIR;
		};
		2945344C23EA0AB200F92152 /* MIKMIDI Tests.xctest */ = {
			isa = PBXReferenceProxy;
			fileType = wrapper.cfbundle;
			path = "MIKMIDI Tests.xctest";
			remoteRef = 2945344B23EA0AB200F92152 /* PBXContainerItemProxy */;
			sourceTree = BUILT_PRODUCTS_DIR;
		};
/* End PBXReferenceProxy section */

/* Begin PBXResourcesBuildPhase section */
		296B1B8923EB320300A7D97B /* Resources */ = {
			isa = PBXResourcesBuildPhase;
			buildActionMask = 2147483647;
			files = (
				296B1B9A23EB320700A7D97B /* LaunchScreen.storyboard in Resources */,
				296B1B9723EB320700A7D97B /* Assets.xcassets in Resources */,
				296B1B9523EB320300A7D97B /* Main.storyboard in Resources */,
			);
			runOnlyForDeploymentPostprocessing = 0;
		};
		29F7523D23E6DBA600CC776C /* Resources */ = {
			isa = PBXResourcesBuildPhase;
			buildActionMask = 2147483647;
			files = (
				2945345223EA16E700F92152 /* sample.mid in Resources */,
				29C198D323EF712C007950DE /* wedding.mid in Resources */,
				29F7524723E6DBA700CC776C /* Assets.xcassets in Resources */,
				29F7524A23E6DBA700CC776C /* Main.storyboard in Resources */,
			);
			runOnlyForDeploymentPostprocessing = 0;
		};
/* End PBXResourcesBuildPhase section */

/* Begin PBXSourcesBuildPhase section */
		296B1B8723EB320300A7D97B /* Sources */ = {
			isa = PBXSourcesBuildPhase;
			buildActionMask = 2147483647;
			files = (
				29C363D523F14CAF003C4DF4 /* SimpleQuizGameScene.swift in Sources */,
				296B1B9223EB320300A7D97B /* ViewController.swift in Sources */,
				296B1B8E23EB320300A7D97B /* AppDelegate.swift in Sources */,
				29C363D623F14CF0003C4DF4 /* QuizGameScene.swift in Sources */,
				296B1B9023EB320300A7D97B /* SceneDelegate.swift in Sources */,
			);
			runOnlyForDeploymentPostprocessing = 0;
		};
		29F7523B23E6DBA600CC776C /* Sources */ = {
			isa = PBXSourcesBuildPhase;
			buildActionMask = 2147483647;
			files = (
				2929AB3623FC8B0E00AC18C1 /* IntervalQuizScene.swift in Sources */,
				29D7DF3E23E7751F00760A8D /* ScaleNode.swift in Sources */,
				296B1BA623EB7C7700A7D97B /* QuizViewController.swift in Sources */,
				2950286123FC1B6B00073C4E /* GenericViewController.swift in Sources */,
				296B1BA823EB7C8300A7D97B /* QuizGameScene.swift in Sources */,
				299F7AB723EB88D0008E6F56 /* SimpleQuizViewController.swift in Sources */,
				29D7DF3423E765BF00760A8D /* PlayerCharacterNode.swift in Sources */,
				2950286323FC1BCA00073C4E /* IntervalDisplayScene.swift in Sources */,
				299F7AB923EB88DB008E6F56 /* SimpleQuizGameScene.swift in Sources */,
				2929AB3923FC915200AC18C1 /* Note.swift in Sources */,
				2921E30624071B4800119589 /* Display2Scene.swift in Sources */,
				291BEE48240C2D6C0043217B /* CountingExerciseScene.swift in Sources */,
				29E7DDDF23FC91F900D15166 /* Interval.swift in Sources */,
				29DF725C240A6176004DD36F /* TypesAliases.swift in Sources */,
				29E87DCE240A88C500A0BA0A /* PhysicsDisplayScene.swift in Sources */,
				2964B39523E6EB9100E6BABF /* DefaultGameScene.swift in Sources */,
				29D7DF3A23E7724600760A8D /* GenericRectanglePhysicsNode.swift in Sources */,
				29D7DF3823E771A400760A8D /* SpikesNode.swift in Sources */,
				29818D3F23EB8711009E71F2 /* DisplayViewController.swift in Sources */,
				290CCCA3240D097500526404 /* CountingExerciseTimingScene.swift in Sources */,
				29D7DF3C23E7737C00760A8D /* CircleTextNode.swift in Sources */,
				29F7524523E6DBA600CC776C /* DefaultViewController.swift in Sources */,
				295B83A324000DAE00993564 /* IntervalGameScene.swift in Sources */,
				29DF725E240A6687004DD36F /* Operators.swift in Sources */,
				29DF725A240A614D004DD36F /* IntervalQuizDisplay2Scene.swift in Sources */,
				29B1CAB5240C13D000A653AA /* IntervalQuizPhysicsDisplayScene.swift in Sources */,
				29818D4123EB8721009E71F2 /* DisplayGameScene.swift in Sources */,
				29D7DF3623E7680F00760A8D /* GroundNode.swift in Sources */,
				29F7524323E6DBA600CC776C /* AppDelegate.swift in Sources */,
			);
			runOnlyForDeploymentPostprocessing = 0;
		};
/* End PBXSourcesBuildPhase section */

/* Begin PBXVariantGroup section */
		296B1B9323EB320300A7D97B /* Main.storyboard */ = {
			isa = PBXVariantGroup;
			children = (
				296B1B9423EB320300A7D97B /* Base */,
			);
			name = Main.storyboard;
			sourceTree = "<group>";
		};
		296B1B9823EB320700A7D97B /* LaunchScreen.storyboard */ = {
			isa = PBXVariantGroup;
			children = (
				296B1B9923EB320700A7D97B /* Base */,
			);
			name = LaunchScreen.storyboard;
			sourceTree = "<group>";
		};
		29F7524823E6DBA700CC776C /* Main.storyboard */ = {
			isa = PBXVariantGroup;
			children = (
				29F7524923E6DBA700CC776C /* Base */,
			);
			name = Main.storyboard;
			sourceTree = "<group>";
		};
/* End PBXVariantGroup section */

/* Begin XCBuildConfiguration section */
		296B1B9C23EB320700A7D97B /* Debug */ = {
			isa = XCBuildConfiguration;
			buildSettings = {
				ASSETCATALOG_COMPILER_APPICON_NAME = AppIcon;
				CODE_SIGN_STYLE = Automatic;
				DEVELOPMENT_TEAM = 2N6DR3R99K;
				INFOPLIST_FILE = PianoGame_iPad/Info.plist;
				IPHONEOS_DEPLOYMENT_TARGET = 13.2;
				LD_RUNPATH_SEARCH_PATHS = (
					"$(inherited)",
					"@executable_path/Frameworks",
				);
				PRODUCT_BUNDLE_IDENTIFIER = "io.bintz.PianoGame-iPad";
				PRODUCT_NAME = "$(TARGET_NAME)";
				SDKROOT = iphoneos;
				SWIFT_VERSION = 5.0;
				TARGETED_DEVICE_FAMILY = "1,2";
			};
			name = Debug;
		};
		296B1B9D23EB320700A7D97B /* Release */ = {
			isa = XCBuildConfiguration;
			buildSettings = {
				ASSETCATALOG_COMPILER_APPICON_NAME = AppIcon;
				CODE_SIGN_STYLE = Automatic;
				DEVELOPMENT_TEAM = 2N6DR3R99K;
				INFOPLIST_FILE = PianoGame_iPad/Info.plist;
				IPHONEOS_DEPLOYMENT_TARGET = 13.2;
				LD_RUNPATH_SEARCH_PATHS = (
					"$(inherited)",
					"@executable_path/Frameworks",
				);
				PRODUCT_BUNDLE_IDENTIFIER = "io.bintz.PianoGame-iPad";
				PRODUCT_NAME = "$(TARGET_NAME)";
				SDKROOT = iphoneos;
				SWIFT_VERSION = 5.0;
				TARGETED_DEVICE_FAMILY = "1,2";
				VALIDATE_PRODUCT = YES;
			};
			name = Release;
		};
		29F7524D23E6DBA700CC776C /* Debug */ = {
			isa = XCBuildConfiguration;
			buildSettings = {
				ALWAYS_SEARCH_USER_PATHS = NO;
				CLANG_ANALYZER_NONNULL = YES;
				CLANG_ANALYZER_NUMBER_OBJECT_CONVERSION = YES_AGGRESSIVE;
				CLANG_CXX_LANGUAGE_STANDARD = "gnu++14";
				CLANG_CXX_LIBRARY = "libc++";
				CLANG_ENABLE_MODULES = YES;
				CLANG_ENABLE_OBJC_ARC = YES;
				CLANG_ENABLE_OBJC_WEAK = YES;
				CLANG_WARN_BLOCK_CAPTURE_AUTORELEASING = YES;
				CLANG_WARN_BOOL_CONVERSION = YES;
				CLANG_WARN_COMMA = YES;
				CLANG_WARN_CONSTANT_CONVERSION = YES;
				CLANG_WARN_DEPRECATED_OBJC_IMPLEMENTATIONS = YES;
				CLANG_WARN_DIRECT_OBJC_ISA_USAGE = YES_ERROR;
				CLANG_WARN_DOCUMENTATION_COMMENTS = YES;
				CLANG_WARN_EMPTY_BODY = YES;
				CLANG_WARN_ENUM_CONVERSION = YES;
				CLANG_WARN_INFINITE_RECURSION = YES;
				CLANG_WARN_INT_CONVERSION = YES;
				CLANG_WARN_NON_LITERAL_NULL_CONVERSION = YES;
				CLANG_WARN_OBJC_IMPLICIT_RETAIN_SELF = YES;
				CLANG_WARN_OBJC_LITERAL_CONVERSION = YES;
				CLANG_WARN_OBJC_ROOT_CLASS = YES_ERROR;
				CLANG_WARN_RANGE_LOOP_ANALYSIS = YES;
				CLANG_WARN_STRICT_PROTOTYPES = YES;
				CLANG_WARN_SUSPICIOUS_MOVE = YES;
				CLANG_WARN_UNGUARDED_AVAILABILITY = YES_AGGRESSIVE;
				CLANG_WARN_UNREACHABLE_CODE = YES;
				CLANG_WARN__DUPLICATE_METHOD_MATCH = YES;
				COPY_PHASE_STRIP = NO;
				DEBUG_INFORMATION_FORMAT = dwarf;
				ENABLE_STRICT_OBJC_MSGSEND = YES;
				ENABLE_TESTABILITY = YES;
				GCC_C_LANGUAGE_STANDARD = gnu11;
				GCC_DYNAMIC_NO_PIC = NO;
				GCC_NO_COMMON_BLOCKS = YES;
				GCC_OPTIMIZATION_LEVEL = 0;
				GCC_PREPROCESSOR_DEFINITIONS = (
					"DEBUG=1",
					"$(inherited)",
				);
				GCC_WARN_64_TO_32_BIT_CONVERSION = YES;
				GCC_WARN_ABOUT_RETURN_TYPE = YES_ERROR;
				GCC_WARN_UNDECLARED_SELECTOR = YES;
				GCC_WARN_UNINITIALIZED_AUTOS = YES_AGGRESSIVE;
				GCC_WARN_UNUSED_FUNCTION = YES;
				GCC_WARN_UNUSED_VARIABLE = YES;
				MACOSX_DEPLOYMENT_TARGET = 10.15;
				MTL_ENABLE_DEBUG_INFO = INCLUDE_SOURCE;
				MTL_FAST_MATH = YES;
				ONLY_ACTIVE_ARCH = YES;
				SDKROOT = macosx;
				SWIFT_ACTIVE_COMPILATION_CONDITIONS = DEBUG;
				SWIFT_OPTIMIZATION_LEVEL = "-Onone";
			};
			name = Debug;
		};
		29F7524E23E6DBA700CC776C /* Release */ = {
			isa = XCBuildConfiguration;
			buildSettings = {
				ALWAYS_SEARCH_USER_PATHS = NO;
				CLANG_ANALYZER_NONNULL = YES;
				CLANG_ANALYZER_NUMBER_OBJECT_CONVERSION = YES_AGGRESSIVE;
				CLANG_CXX_LANGUAGE_STANDARD = "gnu++14";
				CLANG_CXX_LIBRARY = "libc++";
				CLANG_ENABLE_MODULES = YES;
				CLANG_ENABLE_OBJC_ARC = YES;
				CLANG_ENABLE_OBJC_WEAK = YES;
				CLANG_WARN_BLOCK_CAPTURE_AUTORELEASING = YES;
				CLANG_WARN_BOOL_CONVERSION = YES;
				CLANG_WARN_COMMA = YES;
				CLANG_WARN_CONSTANT_CONVERSION = YES;
				CLANG_WARN_DEPRECATED_OBJC_IMPLEMENTATIONS = YES;
				CLANG_WARN_DIRECT_OBJC_ISA_USAGE = YES_ERROR;
				CLANG_WARN_DOCUMENTATION_COMMENTS = YES;
				CLANG_WARN_EMPTY_BODY = YES;
				CLANG_WARN_ENUM_CONVERSION = YES;
				CLANG_WARN_INFINITE_RECURSION = YES;
				CLANG_WARN_INT_CONVERSION = YES;
				CLANG_WARN_NON_LITERAL_NULL_CONVERSION = YES;
				CLANG_WARN_OBJC_IMPLICIT_RETAIN_SELF = YES;
				CLANG_WARN_OBJC_LITERAL_CONVERSION = YES;
				CLANG_WARN_OBJC_ROOT_CLASS = YES_ERROR;
				CLANG_WARN_RANGE_LOOP_ANALYSIS = YES;
				CLANG_WARN_STRICT_PROTOTYPES = YES;
				CLANG_WARN_SUSPICIOUS_MOVE = YES;
				CLANG_WARN_UNGUARDED_AVAILABILITY = YES_AGGRESSIVE;
				CLANG_WARN_UNREACHABLE_CODE = YES;
				CLANG_WARN__DUPLICATE_METHOD_MATCH = YES;
				COPY_PHASE_STRIP = NO;
				DEBUG_INFORMATION_FORMAT = "dwarf-with-dsym";
				ENABLE_NS_ASSERTIONS = NO;
				ENABLE_STRICT_OBJC_MSGSEND = YES;
				GCC_C_LANGUAGE_STANDARD = gnu11;
				GCC_NO_COMMON_BLOCKS = YES;
				GCC_WARN_64_TO_32_BIT_CONVERSION = YES;
				GCC_WARN_ABOUT_RETURN_TYPE = YES_ERROR;
				GCC_WARN_UNDECLARED_SELECTOR = YES;
				GCC_WARN_UNINITIALIZED_AUTOS = YES_AGGRESSIVE;
				GCC_WARN_UNUSED_FUNCTION = YES;
				GCC_WARN_UNUSED_VARIABLE = YES;
				MACOSX_DEPLOYMENT_TARGET = 10.15;
				MTL_ENABLE_DEBUG_INFO = NO;
				MTL_FAST_MATH = YES;
				SDKROOT = macosx;
				SWIFT_COMPILATION_MODE = wholemodule;
				SWIFT_OPTIMIZATION_LEVEL = "-O";
			};
			name = Release;
		};
		29F7525023E6DBA700CC776C /* Debug */ = {
			isa = XCBuildConfiguration;
			buildSettings = {
				ASSETCATALOG_COMPILER_APPICON_NAME = AppIcon;
				CODE_SIGN_ENTITLEMENTS = PianoGame/PianoGame.entitlements;
				CODE_SIGN_STYLE = Automatic;
				COMBINE_HIDPI_IMAGES = YES;
				DEVELOPMENT_TEAM = 2N6DR3R99K;
				ENABLE_HARDENED_RUNTIME = YES;
				INFOPLIST_FILE = PianoGame/Info.plist;
				LD_RUNPATH_SEARCH_PATHS = (
					"$(inherited)",
					"@executable_path/../Frameworks",
				);
				PRODUCT_BUNDLE_IDENTIFIER = io.bintz.PianoGame;
				PRODUCT_NAME = "$(TARGET_NAME)";
				SWIFT_VERSION = 5.0;
			};
			name = Debug;
		};
		29F7525123E6DBA700CC776C /* Release */ = {
			isa = XCBuildConfiguration;
			buildSettings = {
				ASSETCATALOG_COMPILER_APPICON_NAME = AppIcon;
				CODE_SIGN_ENTITLEMENTS = PianoGame/PianoGame.entitlements;
				CODE_SIGN_STYLE = Automatic;
				COMBINE_HIDPI_IMAGES = YES;
				DEVELOPMENT_TEAM = 2N6DR3R99K;
				ENABLE_HARDENED_RUNTIME = YES;
				INFOPLIST_FILE = PianoGame/Info.plist;
				LD_RUNPATH_SEARCH_PATHS = (
					"$(inherited)",
					"@executable_path/../Frameworks",
				);
				PRODUCT_BUNDLE_IDENTIFIER = io.bintz.PianoGame;
				PRODUCT_NAME = "$(TARGET_NAME)";
				SWIFT_VERSION = 5.0;
			};
			name = Release;
		};
/* End XCBuildConfiguration section */

/* Begin XCConfigurationList section */
		296B1BA123EB320700A7D97B /* Build configuration list for PBXNativeTarget "PianoGame_iPad" */ = {
			isa = XCConfigurationList;
			buildConfigurations = (
				296B1B9C23EB320700A7D97B /* Debug */,
				296B1B9D23EB320700A7D97B /* Release */,
			);
			defaultConfigurationIsVisible = 0;
			defaultConfigurationName = Release;
		};
		29F7523A23E6DBA600CC776C /* Build configuration list for PBXProject "PianoGame" */ = {
			isa = XCConfigurationList;
			buildConfigurations = (
				29F7524D23E6DBA700CC776C /* Debug */,
				29F7524E23E6DBA700CC776C /* Release */,
			);
			defaultConfigurationIsVisible = 0;
			defaultConfigurationName = Release;
		};
		29F7524F23E6DBA700CC776C /* Build configuration list for PBXNativeTarget "PianoGame" */ = {
			isa = XCConfigurationList;
			buildConfigurations = (
				29F7525023E6DBA700CC776C /* Debug */,
				29F7525123E6DBA700CC776C /* Release */,
			);
			defaultConfigurationIsVisible = 0;
			defaultConfigurationName = Release;
		};
/* End XCConfigurationList section */

/* Begin XCRemoteSwiftPackageReference section */
		295B83A4240013D500993564 /* XCRemoteSwiftPackageReference "Percentage" */ = {
			isa = XCRemoteSwiftPackageReference;
			repositoryURL = "https://github.com/sindresorhus/Percentage";
			requirement = {
				kind = upToNextMajorVersion;
				minimumVersion = 0.2.0;
			};
		};
/* End XCRemoteSwiftPackageReference section */

/* Begin XCSwiftPackageProductDependency section */
		295B83A5240013D500993564 /* Percent */ = {
			isa = XCSwiftPackageProductDependency;
			package = 295B83A4240013D500993564 /* XCRemoteSwiftPackageReference "Percentage" */;
			productName = Percent;
		};
/* End XCSwiftPackageProductDependency section */
	};
	rootObject = 29F7523723E6DBA600CC776C /* Project object */;
}
