// !$*UTF8*$!
{
	archiveVersion = 1;
	classes = {
	};
	objectVersion = 52;
	objects = {

/* Begin PBXBuildFile section */
		2900F3FC2428F6FC00722102 /* ScaleViewController.swift in Sources */ = {isa = PBXBuildFile; fileRef = 2900F3FB2428F6FC00722102 /* ScaleViewController.swift */; };
		2900F3FE2428FC3000722102 /* Scale.swift in Sources */ = {isa = PBXBuildFile; fileRef = 2900F3FD2428FC3000722102 /* Scale.swift */; };
		290C728E243762EF00397374 /* ChordsPlayScene.swift in Sources */ = {isa = PBXBuildFile; fileRef = 290C728D243762EF00397374 /* ChordsPlayScene.swift */; };
		290CA5B82431F4E600D097DE /* SightReadingScene.swift in Sources */ = {isa = PBXBuildFile; fileRef = 290CA5B72431F4E600D097DE /* SightReadingScene.swift */; };
		29130ECF2437675200B407E6 /* Quality.swift in Sources */ = {isa = PBXBuildFile; fileRef = 29130ECE2437675200B407E6 /* Quality.swift */; };
		291366A224158DCC00C4BA8C /* AudioKitTestScene.swift in Sources */ = {isa = PBXBuildFile; fileRef = 291366A124158DCC00C4BA8C /* AudioKitTestScene.swift */; };
		291A095B2415799C00DC1BD2 /* SequencingTestScene.swift in Sources */ = {isa = PBXBuildFile; fileRef = 291A095A2415799C00DC1BD2 /* SequencingTestScene.swift */; };
		291A095C24157C1000DC1BD2 /* sample.mid in Resources */ = {isa = PBXBuildFile; fileRef = 2945345123EA16E700F92152 /* sample.mid */; };
		291A095D24157C1400DC1BD2 /* wedding.mid in Resources */ = {isa = PBXBuildFile; fileRef = 29C198CF23EF712C007950DE /* wedding.mid */; };
		29289F062413F3EE006D2F6A /* Legacy_Note.swift in Sources */ = {isa = PBXBuildFile; fileRef = 2929AB3823FC915200AC18C1 /* Legacy_Note.swift */; };
		29289F0A2413F3FB006D2F6A /* InWorldPuzzleCountingGameScene.swift in Sources */ = {isa = PBXBuildFile; fileRef = 291DAD582412DFE1004ADD2F /* InWorldPuzzleCountingGameScene.swift */; };
		29289F0B2413F406006D2F6A /* ColorPalette.swift in Sources */ = {isa = PBXBuildFile; fileRef = 291DAD5C2412E1E4004ADD2F /* ColorPalette.swift */; };
		29289F0D2413F91E006D2F6A /* SimpleCountingDisplayNode.swift in Sources */ = {isa = PBXBuildFile; fileRef = 291DAD552412DC1D004ADD2F /* SimpleCountingDisplayNode.swift */; };
		29289F0E2413F928006D2F6A /* Puzzle.swift in Sources */ = {isa = PBXBuildFile; fileRef = 291DAD5A2412E175004ADD2F /* Puzzle.swift */; };
		29289F0F2413F934006D2F6A /* TypesAliases.swift in Sources */ = {isa = PBXBuildFile; fileRef = 29DF725B240A6176004DD36F /* TypesAliases.swift */; };
		29289F102413F93C006D2F6A /* Interval.swift in Sources */ = {isa = PBXBuildFile; fileRef = 29E7DDDE23FC91F900D15166 /* Interval.swift */; };
		29289F112413F9E3006D2F6A /* Operators.swift in Sources */ = {isa = PBXBuildFile; fileRef = 29DF725D240A6687004DD36F /* Operators.swift */; };
		29289F122413F9EE006D2F6A /* SpriteKit-Spring.swift in Sources */ = {isa = PBXBuildFile; fileRef = 2961E71E24127F9D009DACD4 /* SpriteKit-Spring.swift */; };
		29289F192413FE6D006D2F6A /* Assets.xcassets in Resources */ = {isa = PBXBuildFile; fileRef = 29F7524623E6DBA700CC776C /* Assets.xcassets */; };
		294963EB24336EAC002D267A /* treble_clef.png in Resources */ = {isa = PBXBuildFile; fileRef = 294963E524336EAB002D267A /* treble_clef.png */; };
		294963ED24337057002D267A /* bass_clef.png in Resources */ = {isa = PBXBuildFile; fileRef = 294963EC24337057002D267A /* bass_clef.png */; };
		294DCAB1241591D5005E69F0 /* AudioKit.framework in Frameworks */ = {isa = PBXBuildFile; fileRef = 294DCAAE241591A7005E69F0 /* AudioKit.framework */; };
		294DCAB2241591D5005E69F0 /* AudioKit.framework in Embed Frameworks */ = {isa = PBXBuildFile; fileRef = 294DCAAE241591A7005E69F0 /* AudioKit.framework */; settings = {ATTRIBUTES = (CodeSignOnCopy, RemoveHeadersOnCopy, ); }; };
		295F9BCE243B636E00CEF6C2 /* NoteName.swift in Sources */ = {isa = PBXBuildFile; fileRef = 295F9BCD243B636E00CEF6C2 /* NoteName.swift */; };
		295F9BD0243B641400CEF6C2 /* NoteNaming.swift in Sources */ = {isa = PBXBuildFile; fileRef = 295F9BCF243B641400CEF6C2 /* NoteNaming.swift */; };
		295F9BD2243B649B00CEF6C2 /* Note.swift in Sources */ = {isa = PBXBuildFile; fileRef = 295F9BD1243B649B00CEF6C2 /* Note.swift */; };
		295F9BD4243B64EA00CEF6C2 /* Alteration.swift in Sources */ = {isa = PBXBuildFile; fileRef = 295F9BD3243B64EA00CEF6C2 /* Alteration.swift */; };
		295F9BD6243B652800CEF6C2 /* Octave.swift in Sources */ = {isa = PBXBuildFile; fileRef = 295F9BD5243B652800CEF6C2 /* Octave.swift */; };
		295F9BD8243B665800CEF6C2 /* Pitch.swift in Sources */ = {isa = PBXBuildFile; fileRef = 295F9BD7243B665800CEF6C2 /* Pitch.swift */; };
		295F9BDA243B66C200CEF6C2 /* Frequency.swift in Sources */ = {isa = PBXBuildFile; fileRef = 295F9BD9243B66C200CEF6C2 /* Frequency.swift */; };
		29698F432438857100691D01 /* SingViewController.swift in Sources */ = {isa = PBXBuildFile; fileRef = 29698F422438857100691D01 /* SingViewController.swift */; };
		296B1B8E23EB320300A7D97B /* AppDelegate.swift in Sources */ = {isa = PBXBuildFile; fileRef = 296B1B8D23EB320300A7D97B /* AppDelegate.swift */; };
		296B1B9223EB320300A7D97B /* GenericSpriteKitViewController.swift in Sources */ = {isa = PBXBuildFile; fileRef = 296B1B9123EB320300A7D97B /* GenericSpriteKitViewController.swift */; };
		296B1B9523EB320300A7D97B /* Main.storyboard in Resources */ = {isa = PBXBuildFile; fileRef = 296B1B9323EB320300A7D97B /* Main.storyboard */; };
		296B1B9A23EB320700A7D97B /* LaunchScreen.storyboard in Resources */ = {isa = PBXBuildFile; fileRef = 296B1B9823EB320700A7D97B /* LaunchScreen.storyboard */; };
		296B1BA223EB334800A7D97B /* MIKMIDI.framework in Frameworks */ = {isa = PBXBuildFile; fileRef = 2945344A23EA0AB200F92152 /* MIKMIDI.framework */; };
		296B1BA323EB334800A7D97B /* MIKMIDI.framework in Embed Frameworks */ = {isa = PBXBuildFile; fileRef = 2945344A23EA0AB200F92152 /* MIKMIDI.framework */; settings = {ATTRIBUTES = (CodeSignOnCopy, RemoveHeadersOnCopy, ); }; };
		296D110A24389788007AA520 /* AudioKitUI.framework in Frameworks */ = {isa = PBXBuildFile; fileRef = 294DCAB0241591A7005E69F0 /* AudioKitUI.framework */; };
		296D110B24389788007AA520 /* AudioKitUI.framework in Embed Frameworks */ = {isa = PBXBuildFile; fileRef = 294DCAB0241591A7005E69F0 /* AudioKitUI.framework */; settings = {ATTRIBUTES = (CodeSignOnCopy, RemoveHeadersOnCopy, ); }; };
		298E7FBB2434B80300723718 /* SplitViewController.swift in Sources */ = {isa = PBXBuildFile; fileRef = 298E7FBA2434B80300723718 /* SplitViewController.swift */; };
		298E7FC22434BE9200723718 /* MasterViewController.swift in Sources */ = {isa = PBXBuildFile; fileRef = 298E7FC12434BE9200723718 /* MasterViewController.swift */; };
		298E7FC52434C16D00723718 /* ChordsScene.swift in Sources */ = {isa = PBXBuildFile; fileRef = 298E7FC42434C16D00723718 /* ChordsScene.swift */; };
		298E7FC72434C30900723718 /* StaffNote.swift in Sources */ = {isa = PBXBuildFile; fileRef = 298E7FC62434C30900723718 /* StaffNote.swift */; };
		2996D37A243B4DF300175031 /* Percent in Frameworks */ = {isa = PBXBuildFile; productRef = 2996D379243B4DF300175031 /* Percent */; };
		29A6A607242B62D900CA22D5 /* PianoGameTests.swift in Sources */ = {isa = PBXBuildFile; fileRef = 29A6A606242B62D900CA22D5 /* PianoGameTests.swift */; };
		29C363D523F14CAF003C4DF4 /* SimpleQuizGameScene.swift in Sources */ = {isa = PBXBuildFile; fileRef = 299F7AB823EB88DB008E6F56 /* SimpleQuizGameScene.swift */; };
		29C363D623F14CF0003C4DF4 /* QuizGameScene.swift in Sources */ = {isa = PBXBuildFile; fileRef = 296B1BA723EB7C8300A7D97B /* QuizGameScene.swift */; };
		29D48DA6243B4AA800355A86 /* Tuner2ViewController.swift in Sources */ = {isa = PBXBuildFile; fileRef = 29D48DA5243B4AA800355A86 /* Tuner2ViewController.swift */; };
		29D6FAD424216EF2002FC01D /* RecorderViewController.swift in Sources */ = {isa = PBXBuildFile; fileRef = 29D6FAD324216EF2002FC01D /* RecorderViewController.swift */; };
		29D994E22415360100EC274D /* SpeechGameScene.swift in Sources */ = {isa = PBXBuildFile; fileRef = 29D994E12415360100EC274D /* SpeechGameScene.swift */; };
		29F5C558243A06DB004FF7C9 /* TunerViewController.swift in Sources */ = {isa = PBXBuildFile; fileRef = 29F5C557243A06DB004FF7C9 /* TunerViewController.swift */; };
/* End PBXBuildFile section */

/* Begin PBXContainerItemProxy section */
		2945344723EA0AB200F92152 /* PBXContainerItemProxy */ = {
			isa = PBXContainerItemProxy;
			containerPortal = 2945344123EA0AB200F92152 /* MIKMIDI.xcodeproj */;
			proxyType = 2;
			remoteGlobalIDString = 9D74EEA517A7129300BEE89F;
			remoteInfo = MIKMIDI;
		};
		2945344923EA0AB200F92152 /* PBXContainerItemProxy */ = {
			isa = PBXContainerItemProxy;
			containerPortal = 2945344123EA0AB200F92152 /* MIKMIDI.xcodeproj */;
			proxyType = 2;
			remoteGlobalIDString = 9DAF8B061A7AFF1100F46528;
			remoteInfo = "MIKMIDI-iOS";
		};
		2945344B23EA0AB200F92152 /* PBXContainerItemProxy */ = {
			isa = PBXContainerItemProxy;
			containerPortal = 2945344123EA0AB200F92152 /* MIKMIDI.xcodeproj */;
			proxyType = 2;
			remoteGlobalIDString = 9D4DF13A1AAB57430065F004;
			remoteInfo = "MIKMIDI Tests";
		};
		294DCAAD241591A7005E69F0 /* PBXContainerItemProxy */ = {
			isa = PBXContainerItemProxy;
			containerPortal = 294DCAA8241591A6005E69F0 /* AudioKit For iOS.xcodeproj */;
			proxyType = 2;
			remoteGlobalIDString = C42F35001C057E03000E937C;
			remoteInfo = AudioKit;
		};
		294DCAAF241591A7005E69F0 /* PBXContainerItemProxy */ = {
			isa = PBXContainerItemProxy;
			containerPortal = 294DCAA8241591A6005E69F0 /* AudioKit For iOS.xcodeproj */;
			proxyType = 2;
			remoteGlobalIDString = EA7D07011F4E63C200707706;
			remoteInfo = AudioKitUI;
		};
		29A6A609242B62D900CA22D5 /* PBXContainerItemProxy */ = {
			isa = PBXContainerItemProxy;
			containerPortal = 29F7523723E6DBA600CC776C /* Project object */;
			proxyType = 1;
			remoteGlobalIDString = 296B1B8A23EB320300A7D97B;
			remoteInfo = PianoGame;
		};
/* End PBXContainerItemProxy section */

/* Begin PBXCopyFilesBuildPhase section */
		296B1BA423EB334800A7D97B /* Embed Frameworks */ = {
			isa = PBXCopyFilesBuildPhase;
			buildActionMask = 2147483647;
			dstPath = "";
			dstSubfolderSpec = 10;
			files = (
				296D110B24389788007AA520 /* AudioKitUI.framework in Embed Frameworks */,
				294DCAB2241591D5005E69F0 /* AudioKit.framework in Embed Frameworks */,
				296B1BA323EB334800A7D97B /* MIKMIDI.framework in Embed Frameworks */,
			);
			name = "Embed Frameworks";
			runOnlyForDeploymentPostprocessing = 0;
		};
/* End PBXCopyFilesBuildPhase section */

/* Begin PBXFileReference section */
		2900F3FB2428F6FC00722102 /* ScaleViewController.swift */ = {isa = PBXFileReference; fileEncoding = 4; lastKnownFileType = sourcecode.swift; path = ScaleViewController.swift; sourceTree = "<group>"; };
		2900F3FD2428FC3000722102 /* Scale.swift */ = {isa = PBXFileReference; lastKnownFileType = sourcecode.swift; path = Scale.swift; sourceTree = "<group>"; };
		290C728D243762EF00397374 /* ChordsPlayScene.swift */ = {isa = PBXFileReference; fileEncoding = 4; lastKnownFileType = sourcecode.swift; path = ChordsPlayScene.swift; sourceTree = "<group>"; };
		290CA5B72431F4E600D097DE /* SightReadingScene.swift */ = {isa = PBXFileReference; fileEncoding = 4; lastKnownFileType = sourcecode.swift; path = SightReadingScene.swift; sourceTree = "<group>"; };
		290CCCA2240D097500526404 /* CountingExerciseTimingScene.swift */ = {isa = PBXFileReference; fileEncoding = 4; lastKnownFileType = sourcecode.swift; path = CountingExerciseTimingScene.swift; sourceTree = "<group>"; };
		29130ECE2437675200B407E6 /* Quality.swift */ = {isa = PBXFileReference; lastKnownFileType = sourcecode.swift; path = Quality.swift; sourceTree = "<group>"; };
		291366A124158DCC00C4BA8C /* AudioKitTestScene.swift */ = {isa = PBXFileReference; fileEncoding = 4; lastKnownFileType = sourcecode.swift; path = AudioKitTestScene.swift; sourceTree = "<group>"; };
		291A095A2415799C00DC1BD2 /* SequencingTestScene.swift */ = {isa = PBXFileReference; fileEncoding = 4; lastKnownFileType = sourcecode.swift; path = SequencingTestScene.swift; sourceTree = "<group>"; };
		291BEE47240C2D6C0043217B /* CountingExerciseScene.swift */ = {isa = PBXFileReference; fileEncoding = 4; lastKnownFileType = sourcecode.swift; path = CountingExerciseScene.swift; sourceTree = "<group>"; };
		291DAD532412D73A004ADD2F /* PhysicsCountingGameScene.swift */ = {isa = PBXFileReference; fileEncoding = 4; lastKnownFileType = sourcecode.swift; path = PhysicsCountingGameScene.swift; sourceTree = "<group>"; };
		291DAD552412DC1D004ADD2F /* SimpleCountingDisplayNode.swift */ = {isa = PBXFileReference; fileEncoding = 4; lastKnownFileType = sourcecode.swift; path = SimpleCountingDisplayNode.swift; sourceTree = "<group>"; };
		291DAD582412DFE1004ADD2F /* InWorldPuzzleCountingGameScene.swift */ = {isa = PBXFileReference; fileEncoding = 4; lastKnownFileType = sourcecode.swift; path = InWorldPuzzleCountingGameScene.swift; sourceTree = "<group>"; };
		291DAD5A2412E175004ADD2F /* Puzzle.swift */ = {isa = PBXFileReference; lastKnownFileType = sourcecode.swift; path = Puzzle.swift; sourceTree = "<group>"; };
		291DAD5C2412E1E4004ADD2F /* ColorPalette.swift */ = {isa = PBXFileReference; lastKnownFileType = sourcecode.swift; path = ColorPalette.swift; sourceTree = "<group>"; };
		2921E30524071B4800119589 /* Display2Scene.swift */ = {isa = PBXFileReference; fileEncoding = 4; lastKnownFileType = sourcecode.swift; path = Display2Scene.swift; sourceTree = "<group>"; };
		29289F182413FCC6006D2F6A /* PianoGame.entitlements */ = {isa = PBXFileReference; lastKnownFileType = text.plist.entitlements; path = PianoGame.entitlements; sourceTree = "<group>"; };
		2929AB3523FC8B0E00AC18C1 /* IntervalQuizScene.swift */ = {isa = PBXFileReference; fileEncoding = 4; lastKnownFileType = sourcecode.swift; path = IntervalQuizScene.swift; sourceTree = "<group>"; };
		2929AB3823FC915200AC18C1 /* Legacy_Note.swift */ = {isa = PBXFileReference; lastKnownFileType = sourcecode.swift; path = Legacy_Note.swift; sourceTree = "<group>"; };
		2945344123EA0AB200F92152 /* MIKMIDI.xcodeproj */ = {isa = PBXFileReference; lastKnownFileType = "wrapper.pb-project"; name = MIKMIDI.xcodeproj; path = Frameworks/MIKMIDI/Framework/MIKMIDI.xcodeproj; sourceTree = "<group>"; };
		2945345123EA16E700F92152 /* sample.mid */ = {isa = PBXFileReference; lastKnownFileType = audio.midi; path = sample.mid; sourceTree = "<group>"; };
		294963E524336EAB002D267A /* treble_clef.png */ = {isa = PBXFileReference; lastKnownFileType = image.png; path = treble_clef.png; sourceTree = "<group>"; };
		294963EC24337057002D267A /* bass_clef.png */ = {isa = PBXFileReference; lastKnownFileType = image.png; path = bass_clef.png; sourceTree = "<group>"; };
		294DCAA8241591A6005E69F0 /* AudioKit For iOS.xcodeproj */ = {isa = PBXFileReference; lastKnownFileType = "wrapper.pb-project"; name = "AudioKit For iOS.xcodeproj"; path = "../../../dev/AudioKit/AudioKit/iOS/AudioKit For iOS.xcodeproj"; sourceTree = "<group>"; };
		2950286223FC1BCA00073C4E /* IntervalDisplayScene.swift */ = {isa = PBXFileReference; fileEncoding = 4; lastKnownFileType = sourcecode.swift; path = IntervalDisplayScene.swift; sourceTree = "<group>"; };
		295B83A224000DAE00993564 /* IntervalGameScene.swift */ = {isa = PBXFileReference; fileEncoding = 4; lastKnownFileType = sourcecode.swift; name = IntervalGameScene.swift; path = PianoGame/Src/IntervalGame/IntervalGameScene.swift; sourceTree = SOURCE_ROOT; };
		295F9BCD243B636E00CEF6C2 /* NoteName.swift */ = {isa = PBXFileReference; fileEncoding = 4; lastKnownFileType = sourcecode.swift; path = NoteName.swift; sourceTree = "<group>"; };
		295F9BCF243B641400CEF6C2 /* NoteNaming.swift */ = {isa = PBXFileReference; lastKnownFileType = sourcecode.swift; path = NoteNaming.swift; sourceTree = "<group>"; };
		295F9BD1243B649B00CEF6C2 /* Note.swift */ = {isa = PBXFileReference; lastKnownFileType = sourcecode.swift; path = Note.swift; sourceTree = "<group>"; };
		295F9BD3243B64EA00CEF6C2 /* Alteration.swift */ = {isa = PBXFileReference; lastKnownFileType = sourcecode.swift; path = Alteration.swift; sourceTree = "<group>"; };
		295F9BD5243B652800CEF6C2 /* Octave.swift */ = {isa = PBXFileReference; lastKnownFileType = sourcecode.swift; path = Octave.swift; sourceTree = "<group>"; };
		295F9BD7243B665800CEF6C2 /* Pitch.swift */ = {isa = PBXFileReference; lastKnownFileType = sourcecode.swift; path = Pitch.swift; sourceTree = "<group>"; };
		295F9BD9243B66C200CEF6C2 /* Frequency.swift */ = {isa = PBXFileReference; lastKnownFileType = sourcecode.swift; path = Frequency.swift; sourceTree = "<group>"; };
		2961E71E24127F9D009DACD4 /* SpriteKit-Spring.swift */ = {isa = PBXFileReference; fileEncoding = 4; lastKnownFileType = sourcecode.swift; path = "SpriteKit-Spring.swift"; sourceTree = "<group>"; };
		2964B39423E6EB9100E6BABF /* DefaultGameScene.swift */ = {isa = PBXFileReference; lastKnownFileType = sourcecode.swift; path = DefaultGameScene.swift; sourceTree = "<group>"; };
		29698F422438857100691D01 /* SingViewController.swift */ = {isa = PBXFileReference; fileEncoding = 4; lastKnownFileType = sourcecode.swift; path = SingViewController.swift; sourceTree = "<group>"; };
		296B1B8B23EB320300A7D97B /* PianoGame.app */ = {isa = PBXFileReference; explicitFileType = wrapper.application; includeInIndex = 0; path = PianoGame.app; sourceTree = BUILT_PRODUCTS_DIR; };
		296B1B8D23EB320300A7D97B /* AppDelegate.swift */ = {isa = PBXFileReference; lastKnownFileType = sourcecode.swift; path = AppDelegate.swift; sourceTree = "<group>"; };
		296B1B9123EB320300A7D97B /* GenericSpriteKitViewController.swift */ = {isa = PBXFileReference; lastKnownFileType = sourcecode.swift; path = GenericSpriteKitViewController.swift; sourceTree = "<group>"; };
		296B1B9423EB320300A7D97B /* Base */ = {isa = PBXFileReference; lastKnownFileType = file.storyboard; name = Base; path = Base.lproj/Main.storyboard; sourceTree = "<group>"; };
		296B1B9923EB320700A7D97B /* Base */ = {isa = PBXFileReference; lastKnownFileType = file.storyboard; name = Base; path = Base.lproj/LaunchScreen.storyboard; sourceTree = "<group>"; };
		296B1B9B23EB320700A7D97B /* Info.plist */ = {isa = PBXFileReference; lastKnownFileType = text.plist.xml; path = Info.plist; sourceTree = "<group>"; };
		296B1BA523EB7C7700A7D97B /* QuizViewController.swift */ = {isa = PBXFileReference; fileEncoding = 4; lastKnownFileType = sourcecode.swift; path = QuizViewController.swift; sourceTree = "<group>"; };
		296B1BA723EB7C8300A7D97B /* QuizGameScene.swift */ = {isa = PBXFileReference; fileEncoding = 4; lastKnownFileType = sourcecode.swift; path = QuizGameScene.swift; sourceTree = "<group>"; };
		29818D3E23EB8711009E71F2 /* DisplayViewController.swift */ = {isa = PBXFileReference; fileEncoding = 4; lastKnownFileType = sourcecode.swift; path = DisplayViewController.swift; sourceTree = "<group>"; };
		29818D4023EB8721009E71F2 /* DisplayGameScene.swift */ = {isa = PBXFileReference; fileEncoding = 4; lastKnownFileType = sourcecode.swift; path = DisplayGameScene.swift; sourceTree = "<group>"; };
		298E7FBA2434B80300723718 /* SplitViewController.swift */ = {isa = PBXFileReference; lastKnownFileType = sourcecode.swift; path = SplitViewController.swift; sourceTree = "<group>"; };
		298E7FC12434BE9200723718 /* MasterViewController.swift */ = {isa = PBXFileReference; lastKnownFileType = sourcecode.swift; path = MasterViewController.swift; sourceTree = "<group>"; };
		298E7FC42434C16D00723718 /* ChordsScene.swift */ = {isa = PBXFileReference; fileEncoding = 4; lastKnownFileType = sourcecode.swift; path = ChordsScene.swift; sourceTree = "<group>"; };
		298E7FC62434C30900723718 /* StaffNote.swift */ = {isa = PBXFileReference; lastKnownFileType = sourcecode.swift; path = StaffNote.swift; sourceTree = "<group>"; };
		299F7AB623EB88D0008E6F56 /* SimpleQuizViewController.swift */ = {isa = PBXFileReference; fileEncoding = 4; lastKnownFileType = sourcecode.swift; path = SimpleQuizViewController.swift; sourceTree = "<group>"; };
		299F7AB823EB88DB008E6F56 /* SimpleQuizGameScene.swift */ = {isa = PBXFileReference; fileEncoding = 4; lastKnownFileType = sourcecode.swift; path = SimpleQuizGameScene.swift; sourceTree = "<group>"; };
		29A6A604242B62D900CA22D5 /* PianoGameTests.xctest */ = {isa = PBXFileReference; explicitFileType = wrapper.cfbundle; includeInIndex = 0; path = PianoGameTests.xctest; sourceTree = BUILT_PRODUCTS_DIR; };
		29A6A606242B62D900CA22D5 /* PianoGameTests.swift */ = {isa = PBXFileReference; lastKnownFileType = sourcecode.swift; path = PianoGameTests.swift; sourceTree = "<group>"; };
		29A6A608242B62D900CA22D5 /* Info.plist */ = {isa = PBXFileReference; lastKnownFileType = text.plist.xml; path = Info.plist; sourceTree = "<group>"; };
		29A92B4024100FD6004C5131 /* SimpleCountingGameScene.swift */ = {isa = PBXFileReference; fileEncoding = 4; lastKnownFileType = sourcecode.swift; path = SimpleCountingGameScene.swift; sourceTree = "<group>"; };
		29AFDA94240FBD5000E385E3 /* ProgressiveCountingDisplayScene.swift */ = {isa = PBXFileReference; fileEncoding = 4; lastKnownFileType = sourcecode.swift; path = ProgressiveCountingDisplayScene.swift; sourceTree = "<group>"; };
		29B1CAB4240C13D000A653AA /* IntervalQuizPhysicsDisplayScene.swift */ = {isa = PBXFileReference; fileEncoding = 4; lastKnownFileType = sourcecode.swift; path = IntervalQuizPhysicsDisplayScene.swift; sourceTree = "<group>"; };
		29C198CF23EF712C007950DE /* wedding.mid */ = {isa = PBXFileReference; lastKnownFileType = audio.midi; path = wedding.mid; sourceTree = "<group>"; };
		29D1B02E2412AEEF005C7DEC /* SimpleCountingDisplayScene.swift */ = {isa = PBXFileReference; fileEncoding = 4; lastKnownFileType = sourcecode.swift; path = SimpleCountingDisplayScene.swift; sourceTree = "<group>"; };
		29D48DA5243B4AA800355A86 /* Tuner2ViewController.swift */ = {isa = PBXFileReference; fileEncoding = 4; lastKnownFileType = sourcecode.swift; path = Tuner2ViewController.swift; sourceTree = "<group>"; };
		29D6FAD324216EF2002FC01D /* RecorderViewController.swift */ = {isa = PBXFileReference; fileEncoding = 4; lastKnownFileType = sourcecode.swift; path = RecorderViewController.swift; sourceTree = "<group>"; };
		29D7DF3323E765BF00760A8D /* PlayerCharacterNode.swift */ = {isa = PBXFileReference; lastKnownFileType = sourcecode.swift; path = PlayerCharacterNode.swift; sourceTree = "<group>"; };
		29D7DF3523E7680F00760A8D /* GroundNode.swift */ = {isa = PBXFileReference; lastKnownFileType = sourcecode.swift; path = GroundNode.swift; sourceTree = "<group>"; };
		29D7DF3723E771A400760A8D /* SpikesNode.swift */ = {isa = PBXFileReference; lastKnownFileType = sourcecode.swift; path = SpikesNode.swift; sourceTree = "<group>"; };
		29D7DF3923E7724600760A8D /* GenericRectanglePhysicsNode.swift */ = {isa = PBXFileReference; lastKnownFileType = sourcecode.swift; path = GenericRectanglePhysicsNode.swift; sourceTree = "<group>"; };
		29D7DF3B23E7737C00760A8D /* CircleTextNode.swift */ = {isa = PBXFileReference; lastKnownFileType = sourcecode.swift; path = CircleTextNode.swift; sourceTree = "<group>"; };
		29D7DF3D23E7751F00760A8D /* ScaleNode.swift */ = {isa = PBXFileReference; lastKnownFileType = sourcecode.swift; path = ScaleNode.swift; sourceTree = "<group>"; };
		29D994E12415360100EC274D /* SpeechGameScene.swift */ = {isa = PBXFileReference; fileEncoding = 4; lastKnownFileType = sourcecode.swift; path = SpeechGameScene.swift; sourceTree = "<group>"; };
		29DF7259240A614D004DD36F /* IntervalQuizDisplay2Scene.swift */ = {isa = PBXFileReference; fileEncoding = 4; lastKnownFileType = sourcecode.swift; path = IntervalQuizDisplay2Scene.swift; sourceTree = "<group>"; };
		29DF725B240A6176004DD36F /* TypesAliases.swift */ = {isa = PBXFileReference; lastKnownFileType = sourcecode.swift; path = TypesAliases.swift; sourceTree = "<group>"; };
		29DF725D240A6687004DD36F /* Operators.swift */ = {isa = PBXFileReference; lastKnownFileType = sourcecode.swift; path = Operators.swift; sourceTree = "<group>"; };
		29E7DDDE23FC91F900D15166 /* Interval.swift */ = {isa = PBXFileReference; lastKnownFileType = sourcecode.swift; path = Interval.swift; sourceTree = "<group>"; };
		29E87DCD240A88C500A0BA0A /* PhysicsDisplayScene.swift */ = {isa = PBXFileReference; fileEncoding = 4; lastKnownFileType = sourcecode.swift; path = PhysicsDisplayScene.swift; sourceTree = "<group>"; };
		29F5C557243A06DB004FF7C9 /* TunerViewController.swift */ = {isa = PBXFileReference; fileEncoding = 4; lastKnownFileType = sourcecode.swift; path = TunerViewController.swift; sourceTree = "<group>"; };
		29F7524423E6DBA600CC776C /* DefaultViewController.swift */ = {isa = PBXFileReference; lastKnownFileType = sourcecode.swift; path = DefaultViewController.swift; sourceTree = "<group>"; };
		29F7524623E6DBA700CC776C /* Assets.xcassets */ = {isa = PBXFileReference; lastKnownFileType = folder.assetcatalog; path = Assets.xcassets; sourceTree = "<group>"; };
		29F7525423E6E52500CC776C /* SpriteKit.framework */ = {isa = PBXFileReference; lastKnownFileType = wrapper.framework; name = SpriteKit.framework; path = System/Library/Frameworks/SpriteKit.framework; sourceTree = SDKROOT; };
/* End PBXFileReference section */

/* Begin PBXFrameworksBuildPhase section */
		296B1B8823EB320300A7D97B /* Frameworks */ = {
			isa = PBXFrameworksBuildPhase;
			buildActionMask = 2147483647;
			files = (
				2996D37A243B4DF300175031 /* Percent in Frameworks */,
				296D110A24389788007AA520 /* AudioKitUI.framework in Frameworks */,
				294DCAB1241591D5005E69F0 /* AudioKit.framework in Frameworks */,
				296B1BA223EB334800A7D97B /* MIKMIDI.framework in Frameworks */,
			);
			runOnlyForDeploymentPostprocessing = 0;
		};
		29A6A601242B62D900CA22D5 /* Frameworks */ = {
			isa = PBXFrameworksBuildPhase;
			buildActionMask = 2147483647;
			files = (
			);
			runOnlyForDeploymentPostprocessing = 0;
		};
/* End PBXFrameworksBuildPhase section */

/* Begin PBXGroup section */
		2900F3F52428F6E000722102 /* Scale */ = {
			isa = PBXGroup;
			children = (
				2900F3FB2428F6FC00722102 /* ScaleViewController.swift */,
			);
			path = Scale;
			sourceTree = "<group>";
		};
		290C7287243762D600397374 /* ChordsPlay */ = {
			isa = PBXGroup;
			children = (
				290C728D243762EF00397374 /* ChordsPlayScene.swift */,
			);
			path = ChordsPlay;
			sourceTree = "<group>";
		};
		290CA5B62431F43000D097DE /* SightReading */ = {
			isa = PBXGroup;
			children = (
				290CA5B72431F4E600D097DE /* SightReadingScene.swift */,
			);
			path = SightReading;
			sourceTree = "<group>";
		};
		290CCC9E240D095C00526404 /* CountingExerciseTiming */ = {
			isa = PBXGroup;
			children = (
				290CCCA2240D097500526404 /* CountingExerciseTimingScene.swift */,
			);
			path = CountingExerciseTiming;
			sourceTree = "<group>";
		};
		291366A024158DB500C4BA8C /* AudioKitTest */ = {
			isa = PBXGroup;
			children = (
				291366A124158DCC00C4BA8C /* AudioKitTestScene.swift */,
			);
			path = AudioKitTest;
			sourceTree = "<group>";
		};
		291A09562415797900DC1BD2 /* SequencingTest */ = {
			isa = PBXGroup;
			children = (
				291A095A2415799C00DC1BD2 /* SequencingTestScene.swift */,
			);
			path = SequencingTest;
			sourceTree = "<group>";
		};
		291BEE43240C2D4A0043217B /* CountingExercise */ = {
			isa = PBXGroup;
			children = (
				291BEE47240C2D6C0043217B /* CountingExerciseScene.swift */,
			);
			path = CountingExercise;
			sourceTree = "<group>";
		};
		291DAD522412D71C004ADD2F /* PhysicsCountingGame */ = {
			isa = PBXGroup;
			children = (
				291DAD532412D73A004ADD2F /* PhysicsCountingGameScene.swift */,
			);
			path = PhysicsCountingGame;
			sourceTree = "<group>";
		};
		291DAD572412DFB7004ADD2F /* InWorldPuzzleCoutingGame */ = {
			isa = PBXGroup;
			children = (
				291DAD582412DFE1004ADD2F /* InWorldPuzzleCountingGameScene.swift */,
			);
			path = InWorldPuzzleCoutingGame;
			sourceTree = "<group>";
		};
		2921E30124071B0100119589 /* Display2 */ = {
			isa = PBXGroup;
			children = (
				2921E30524071B4800119589 /* Display2Scene.swift */,
			);
			path = Display2;
			sourceTree = "<group>";
		};
		2929AB3123FC8AEF00AC18C1 /* IntervalQuiz */ = {
			isa = PBXGroup;
			children = (
				2929AB3523FC8B0E00AC18C1 /* IntervalQuizScene.swift */,
			);
			path = IntervalQuiz;
			sourceTree = "<group>";
		};
		2929AB3D23FC916400AC18C1 /* Models */ = {
			isa = PBXGroup;
			children = (
				295F9BCC243B635900CEF6C2 /* Legacy */,
				295F9BD3243B64EA00CEF6C2 /* Alteration.swift */,
				295F9BCF243B641400CEF6C2 /* NoteNaming.swift */,
				295F9BCD243B636E00CEF6C2 /* NoteName.swift */,
				295F9BD1243B649B00CEF6C2 /* Note.swift */,
				29E7DDDE23FC91F900D15166 /* Interval.swift */,
				291DAD5A2412E175004ADD2F /* Puzzle.swift */,
				291DAD5C2412E1E4004ADD2F /* ColorPalette.swift */,
				2900F3FD2428FC3000722102 /* Scale.swift */,
				298E7FC62434C30900723718 /* StaffNote.swift */,
				29130ECE2437675200B407E6 /* Quality.swift */,
				295F9BD5243B652800CEF6C2 /* Octave.swift */,
				295F9BD7243B665800CEF6C2 /* Pitch.swift */,
				295F9BD9243B66C200CEF6C2 /* Frequency.swift */,
			);
			path = Models;
			sourceTree = "<group>";
		};
		2945344223EA0AB200F92152 /* Products */ = {
			isa = PBXGroup;
			children = (
				2945344823EA0AB200F92152 /* MIKMIDI.framework */,
				2945344A23EA0AB200F92152 /* MIKMIDI.framework */,
				2945344C23EA0AB200F92152 /* MIKMIDI Tests.xctest */,
			);
			name = Products;
			sourceTree = "<group>";
		};
		2945345023EA16C200F92152 /* Resources */ = {
			isa = PBXGroup;
			children = (
				2945345123EA16E700F92152 /* sample.mid */,
				29C198CF23EF712C007950DE /* wedding.mid */,
				294963E524336EAB002D267A /* treble_clef.png */,
				294963EC24337057002D267A /* bass_clef.png */,
			);
			path = Resources;
			sourceTree = "<group>";
		};
		294DCAA9241591A6005E69F0 /* Products */ = {
			isa = PBXGroup;
			children = (
				294DCAAE241591A7005E69F0 /* AudioKit.framework */,
				294DCAB0241591A7005E69F0 /* AudioKitUI.framework */,
			);
			name = Products;
			sourceTree = "<group>";
		};
		2950285C23FC1B4800073C4E /* IntervalDisplay */ = {
			isa = PBXGroup;
			children = (
				2950286223FC1BCA00073C4E /* IntervalDisplayScene.swift */,
			);
			path = IntervalDisplay;
			sourceTree = "<group>";
		};
		295B839E24000D8900993564 /* IntervalGame */ = {
			isa = PBXGroup;
			children = (
				295B83A224000DAE00993564 /* IntervalGameScene.swift */,
			);
			path = IntervalGame;
			sourceTree = "<group>";
		};
		295F9BCC243B635900CEF6C2 /* Legacy */ = {
			isa = PBXGroup;
			children = (
				2929AB3823FC915200AC18C1 /* Legacy_Note.swift */,
			);
			path = Legacy;
			sourceTree = "<group>";
		};
		29698F3C2438856100691D01 /* Sing */ = {
			isa = PBXGroup;
			children = (
				29698F422438857100691D01 /* SingViewController.swift */,
			);
			path = Sing;
			sourceTree = "<group>";
		};
		296B1B8C23EB320300A7D97B /* PianoGame */ = {
			isa = PBXGroup;
			children = (
				296B1B9B23EB320700A7D97B /* Info.plist */,
				29289F182413FCC6006D2F6A /* PianoGame.entitlements */,
				29F7524623E6DBA700CC776C /* Assets.xcassets */,
				2945345023EA16C200F92152 /* Resources */,
				29F7525223E6E3EA00CC776C /* Src */,
			);
			path = PianoGame;
			sourceTree = "<group>";
		};
		296B1BA923EB7C8600A7D97B /* Quiz */ = {
			isa = PBXGroup;
			children = (
				296B1BA523EB7C7700A7D97B /* QuizViewController.swift */,
				296B1BA723EB7C8300A7D97B /* QuizGameScene.swift */,
			);
			path = Quiz;
			sourceTree = "<group>";
		};
		29818D3A23EB86EE009E71F2 /* Display */ = {
			isa = PBXGroup;
			children = (
				29818D3E23EB8711009E71F2 /* DisplayViewController.swift */,
				29818D4023EB8721009E71F2 /* DisplayGameScene.swift */,
			);
			path = Display;
			sourceTree = "<group>";
		};
		298E410B23EEC6920064288E /* DefaultGame */ = {
			isa = PBXGroup;
			children = (
				29F7524423E6DBA600CC776C /* DefaultViewController.swift */,
				2964B39423E6EB9100E6BABF /* DefaultGameScene.swift */,
				29D7DF3223E765A600760A8D /* Nodes */,
			);
			path = DefaultGame;
			sourceTree = "<group>";
		};
		298E7FC32434C15900723718 /* Chords */ = {
			isa = PBXGroup;
			children = (
				298E7FC42434C16D00723718 /* ChordsScene.swift */,
			);
			path = Chords;
			sourceTree = "<group>";
		};
		299F7AB223EB88B2008E6F56 /* SimpleQuiz */ = {
			isa = PBXGroup;
			children = (
				299F7AB623EB88D0008E6F56 /* SimpleQuizViewController.swift */,
				299F7AB823EB88DB008E6F56 /* SimpleQuizGameScene.swift */,
			);
			path = SimpleQuiz;
			sourceTree = "<group>";
		};
		29A6A605242B62D900CA22D5 /* PianoGameTests */ = {
			isa = PBXGroup;
			children = (
				29A6A608242B62D900CA22D5 /* Info.plist */,
				29A6A606242B62D900CA22D5 /* PianoGameTests.swift */,
			);
			path = PianoGameTests;
			sourceTree = "<group>";
		};
		29A92B3F24100FB9004C5131 /* SimpleCountingGame */ = {
			isa = PBXGroup;
			children = (
				29A92B4024100FD6004C5131 /* SimpleCountingGameScene.swift */,
			);
			path = SimpleCountingGame;
			sourceTree = "<group>";
		};
		29AFDA90240FBD1A00E385E3 /* ProgressiveCountingDisplay */ = {
			isa = PBXGroup;
			children = (
				29AFDA94240FBD5000E385E3 /* ProgressiveCountingDisplayScene.swift */,
			);
			path = ProgressiveCountingDisplay;
			sourceTree = "<group>";
		};
		29B1CAB0240C13AC00A653AA /* IntervalQuizPhysicsDisplay */ = {
			isa = PBXGroup;
			children = (
				29B1CAB4240C13D000A653AA /* IntervalQuizPhysicsDisplayScene.swift */,
			);
			path = IntervalQuizPhysicsDisplay;
			sourceTree = "<group>";
		};
		29D1B02A2412AEC5005C7DEC /* SimpleCountingDisplay */ = {
			isa = PBXGroup;
			children = (
				29D1B02E2412AEEF005C7DEC /* SimpleCountingDisplayScene.swift */,
				291DAD552412DC1D004ADD2F /* SimpleCountingDisplayNode.swift */,
			);
			path = SimpleCountingDisplay;
			sourceTree = "<group>";
		};
		29D48D9F243B4A9600355A86 /* Tuner2 */ = {
			isa = PBXGroup;
			children = (
				29D48DA5243B4AA800355A86 /* Tuner2ViewController.swift */,
			);
			path = Tuner2;
			sourceTree = "<group>";
		};
		29D6FACD24216EBC002FC01D /* Recorder */ = {
			isa = PBXGroup;
			children = (
				29D6FAD324216EF2002FC01D /* RecorderViewController.swift */,
			);
			path = Recorder;
			sourceTree = "<group>";
		};
		29D7DF3223E765A600760A8D /* Nodes */ = {
			isa = PBXGroup;
			children = (
				29D7DF3923E7724600760A8D /* GenericRectanglePhysicsNode.swift */,
				29D7DF3323E765BF00760A8D /* PlayerCharacterNode.swift */,
				29D7DF3523E7680F00760A8D /* GroundNode.swift */,
				29D7DF3723E771A400760A8D /* SpikesNode.swift */,
				29D7DF3B23E7737C00760A8D /* CircleTextNode.swift */,
				29D7DF3D23E7751F00760A8D /* ScaleNode.swift */,
			);
			path = Nodes;
			sourceTree = "<group>";
		};
		29D994DD241535DB00EC274D /* SpeechGame */ = {
			isa = PBXGroup;
			children = (
				29D994E12415360100EC274D /* SpeechGameScene.swift */,
			);
			path = SpeechGame;
			sourceTree = "<group>";
		};
		29DF7255240A6120004DD36F /* IntervalQuizDisplay2 */ = {
			isa = PBXGroup;
			children = (
				29DF7259240A614D004DD36F /* IntervalQuizDisplay2Scene.swift */,
			);
			path = IntervalQuizDisplay2;
			sourceTree = "<group>";
		};
		29E87DC9240A88A700A0BA0A /* PhysicsDisplay */ = {
			isa = PBXGroup;
			children = (
				29E87DCD240A88C500A0BA0A /* PhysicsDisplayScene.swift */,
			);
			path = PhysicsDisplay;
			sourceTree = "<group>";
		};
		29F5C551243A06CA004FF7C9 /* Tuner */ = {
			isa = PBXGroup;
			children = (
				29F5C557243A06DB004FF7C9 /* TunerViewController.swift */,
			);
			path = Tuner;
			sourceTree = "<group>";
		};
		29F7523623E6DBA500CC776C = {
			isa = PBXGroup;
			children = (
				296B1B8C23EB320300A7D97B /* PianoGame */,
				29A6A605242B62D900CA22D5 /* PianoGameTests */,
				29F7524023E6DBA600CC776C /* Products */,
				29F7525323E6E52500CC776C /* Frameworks */,
			);
			sourceTree = "<group>";
		};
		29F7524023E6DBA600CC776C /* Products */ = {
			isa = PBXGroup;
			children = (
				296B1B8B23EB320300A7D97B /* PianoGame.app */,
				29A6A604242B62D900CA22D5 /* PianoGameTests.xctest */,
			);
			name = Products;
			sourceTree = "<group>";
		};
		29F7525223E6E3EA00CC776C /* Src */ = {
			isa = PBXGroup;
			children = (
				296B1B9823EB320700A7D97B /* LaunchScreen.storyboard */,
				296B1B9323EB320300A7D97B /* Main.storyboard */,
				296B1B8D23EB320300A7D97B /* AppDelegate.swift */,
				298E7FBA2434B80300723718 /* SplitViewController.swift */,
				298E7FC12434BE9200723718 /* MasterViewController.swift */,
				296B1B9123EB320300A7D97B /* GenericSpriteKitViewController.swift */,
				29DF725B240A6176004DD36F /* TypesAliases.swift */,
				29DF725D240A6687004DD36F /* Operators.swift */,
				2961E71E24127F9D009DACD4 /* SpriteKit-Spring.swift */,
				2929AB3D23FC916400AC18C1 /* Models */,
				29D48D9F243B4A9600355A86 /* Tuner2 */,
				29F5C551243A06CA004FF7C9 /* Tuner */,
				29698F3C2438856100691D01 /* Sing */,
				290C7287243762D600397374 /* ChordsPlay */,
				298E7FC32434C15900723718 /* Chords */,
				290CA5B62431F43000D097DE /* SightReading */,
				2900F3F52428F6E000722102 /* Scale */,
				29D6FACD24216EBC002FC01D /* Recorder */,
				291366A024158DB500C4BA8C /* AudioKitTest */,
				291A09562415797900DC1BD2 /* SequencingTest */,
				29D994DD241535DB00EC274D /* SpeechGame */,
				291DAD572412DFB7004ADD2F /* InWorldPuzzleCoutingGame */,
				291DAD522412D71C004ADD2F /* PhysicsCountingGame */,
				29A92B3F24100FB9004C5131 /* SimpleCountingGame */,
				29D1B02A2412AEC5005C7DEC /* SimpleCountingDisplay */,
				29AFDA90240FBD1A00E385E3 /* ProgressiveCountingDisplay */,
				290CCC9E240D095C00526404 /* CountingExerciseTiming */,
				291BEE43240C2D4A0043217B /* CountingExercise */,
				29B1CAB0240C13AC00A653AA /* IntervalQuizPhysicsDisplay */,
				29E87DC9240A88A700A0BA0A /* PhysicsDisplay */,
				29DF7255240A6120004DD36F /* IntervalQuizDisplay2 */,
				2921E30124071B0100119589 /* Display2 */,
				295B839E24000D8900993564 /* IntervalGame */,
				2929AB3123FC8AEF00AC18C1 /* IntervalQuiz */,
				2950285C23FC1B4800073C4E /* IntervalDisplay */,
				298E410B23EEC6920064288E /* DefaultGame */,
				299F7AB223EB88B2008E6F56 /* SimpleQuiz */,
				29818D3A23EB86EE009E71F2 /* Display */,
				296B1BA923EB7C8600A7D97B /* Quiz */,
			);
			path = Src;
			sourceTree = "<group>";
		};
		29F7525323E6E52500CC776C /* Frameworks */ = {
			isa = PBXGroup;
			children = (
				294DCAA8241591A6005E69F0 /* AudioKit For iOS.xcodeproj */,
				2945344123EA0AB200F92152 /* MIKMIDI.xcodeproj */,
				29F7525423E6E52500CC776C /* SpriteKit.framework */,
			);
			name = Frameworks;
			sourceTree = "<group>";
		};
/* End PBXGroup section */

/* Begin PBXNativeTarget section */
		296B1B8A23EB320300A7D97B /* PianoGame */ = {
			isa = PBXNativeTarget;
			buildConfigurationList = 296B1BA123EB320700A7D97B /* Build configuration list for PBXNativeTarget "PianoGame" */;
			buildPhases = (
				296B1B8723EB320300A7D97B /* Sources */,
				296B1B8823EB320300A7D97B /* Frameworks */,
				296B1B8923EB320300A7D97B /* Resources */,
				296B1BA423EB334800A7D97B /* Embed Frameworks */,
			);
			buildRules = (
			);
			dependencies = (
			);
			name = PianoGame;
			packageProductDependencies = (
				2996D379243B4DF300175031 /* Percent */,
			);
			productName = PianoGame_iPad;
			productReference = 296B1B8B23EB320300A7D97B /* PianoGame.app */;
			productType = "com.apple.product-type.application";
		};
		29A6A603242B62D900CA22D5 /* PianoGameTests */ = {
			isa = PBXNativeTarget;
			buildConfigurationList = 29A6A612242B62D900CA22D5 /* Build configuration list for PBXNativeTarget "PianoGameTests" */;
			buildPhases = (
				29A6A600242B62D900CA22D5 /* Sources */,
				29A6A601242B62D900CA22D5 /* Frameworks */,
				29A6A602242B62D900CA22D5 /* Resources */,
			);
			buildRules = (
			);
			dependencies = (
				29A6A60A242B62D900CA22D5 /* PBXTargetDependency */,
			);
			name = PianoGameTests;
			productName = PianoGameTests;
			productReference = 29A6A604242B62D900CA22D5 /* PianoGameTests.xctest */;
			productType = "com.apple.product-type.bundle.unit-test";
		};
/* End PBXNativeTarget section */

/* Begin PBXProject section */
		29F7523723E6DBA600CC776C /* Project object */ = {
			isa = PBXProject;
			attributes = {
				LastSwiftUpdateCheck = 1140;
				LastUpgradeCheck = 1100;
				ORGANIZATIONNAME = "Alexandre Bintz";
				TargetAttributes = {
					296B1B8A23EB320300A7D97B = {
						CreatedOnToolsVersion = 11.3.1;
					};
					29A6A603242B62D900CA22D5 = {
						CreatedOnToolsVersion = 11.4;
						TestTargetID = 296B1B8A23EB320300A7D97B;
					};
				};
			};
			buildConfigurationList = 29F7523A23E6DBA600CC776C /* Build configuration list for PBXProject "PianoGame" */;
			compatibilityVersion = "Xcode 9.3";
			developmentRegion = en;
			hasScannedForEncodings = 0;
			knownRegions = (
				en,
				Base,
			);
			mainGroup = 29F7523623E6DBA500CC776C;
			packageReferences = (
				295B83A4240013D500993564 /* XCRemoteSwiftPackageReference "Percentage" */,
			);
			productRefGroup = 29F7524023E6DBA600CC776C /* Products */;
			projectDirPath = "";
			projectReferences = (
				{
					ProductGroup = 294DCAA9241591A6005E69F0 /* Products */;
					ProjectRef = 294DCAA8241591A6005E69F0 /* AudioKit For iOS.xcodeproj */;
				},
				{
					ProductGroup = 2945344223EA0AB200F92152 /* Products */;
					ProjectRef = 2945344123EA0AB200F92152 /* MIKMIDI.xcodeproj */;
				},
			);
			projectRoot = "";
			targets = (
				296B1B8A23EB320300A7D97B /* PianoGame */,
				29A6A603242B62D900CA22D5 /* PianoGameTests */,
			);
		};
/* End PBXProject section */

/* Begin PBXReferenceProxy section */
		2945344823EA0AB200F92152 /* MIKMIDI.framework */ = {
			isa = PBXReferenceProxy;
			fileType = wrapper.framework;
			path = MIKMIDI.framework;
			remoteRef = 2945344723EA0AB200F92152 /* PBXContainerItemProxy */;
			sourceTree = BUILT_PRODUCTS_DIR;
		};
		2945344A23EA0AB200F92152 /* MIKMIDI.framework */ = {
			isa = PBXReferenceProxy;
			fileType = wrapper.framework;
			path = MIKMIDI.framework;
			remoteRef = 2945344923EA0AB200F92152 /* PBXContainerItemProxy */;
			sourceTree = BUILT_PRODUCTS_DIR;
		};
		2945344C23EA0AB200F92152 /* MIKMIDI Tests.xctest */ = {
			isa = PBXReferenceProxy;
			fileType = wrapper.cfbundle;
			path = "MIKMIDI Tests.xctest";
			remoteRef = 2945344B23EA0AB200F92152 /* PBXContainerItemProxy */;
			sourceTree = BUILT_PRODUCTS_DIR;
		};
		294DCAAE241591A7005E69F0 /* AudioKit.framework */ = {
			isa = PBXReferenceProxy;
			fileType = wrapper.framework;
			path = AudioKit.framework;
			remoteRef = 294DCAAD241591A7005E69F0 /* PBXContainerItemProxy */;
			sourceTree = BUILT_PRODUCTS_DIR;
		};
		294DCAB0241591A7005E69F0 /* AudioKitUI.framework */ = {
			isa = PBXReferenceProxy;
			fileType = wrapper.framework;
			path = AudioKitUI.framework;
			remoteRef = 294DCAAF241591A7005E69F0 /* PBXContainerItemProxy */;
			sourceTree = BUILT_PRODUCTS_DIR;
		};
/* End PBXReferenceProxy section */

/* Begin PBXResourcesBuildPhase section */
		296B1B8923EB320300A7D97B /* Resources */ = {
			isa = PBXResourcesBuildPhase;
			buildActionMask = 2147483647;
			files = (
				291A095C24157C1000DC1BD2 /* sample.mid in Resources */,
				296B1B9A23EB320700A7D97B /* LaunchScreen.storyboard in Resources */,
				294963ED24337057002D267A /* bass_clef.png in Resources */,
				29289F192413FE6D006D2F6A /* Assets.xcassets in Resources */,
				291A095D24157C1400DC1BD2 /* wedding.mid in Resources */,
				296B1B9523EB320300A7D97B /* Main.storyboard in Resources */,
				294963EB24336EAC002D267A /* treble_clef.png in Resources */,
			);
			runOnlyForDeploymentPostprocessing = 0;
		};
		29A6A602242B62D900CA22D5 /* Resources */ = {
			isa = PBXResourcesBuildPhase;
			buildActionMask = 2147483647;
			files = (
			);
			runOnlyForDeploymentPostprocessing = 0;
		};
/* End PBXResourcesBuildPhase section */

/* Begin PBXSourcesBuildPhase section */
		296B1B8723EB320300A7D97B /* Sources */ = {
			isa = PBXSourcesBuildPhase;
			buildActionMask = 2147483647;
			files = (
				29C363D523F14CAF003C4DF4 /* SimpleQuizGameScene.swift in Sources */,
				29D6FAD424216EF2002FC01D /* RecorderViewController.swift in Sources */,
				298E7FC22434BE9200723718 /* MasterViewController.swift in Sources */,
				29130ECF2437675200B407E6 /* Quality.swift in Sources */,
				29698F432438857100691D01 /* SingViewController.swift in Sources */,
				296B1B9223EB320300A7D97B /* GenericSpriteKitViewController.swift in Sources */,
				29289F102413F93C006D2F6A /* Interval.swift in Sources */,
				29289F0D2413F91E006D2F6A /* SimpleCountingDisplayNode.swift in Sources */,
				290CA5B82431F4E600D097DE /* SightReadingScene.swift in Sources */,
				296B1B8E23EB320300A7D97B /* AppDelegate.swift in Sources */,
				295F9BD0243B641400CEF6C2 /* NoteNaming.swift in Sources */,
				290C728E243762EF00397374 /* ChordsPlayScene.swift in Sources */,
				29289F0F2413F934006D2F6A /* TypesAliases.swift in Sources */,
				295F9BCE243B636E00CEF6C2 /* NoteName.swift in Sources */,
				298E7FBB2434B80300723718 /* SplitViewController.swift in Sources */,
				29F5C558243A06DB004FF7C9 /* TunerViewController.swift in Sources */,
				2900F3FE2428FC3000722102 /* Scale.swift in Sources */,
				29289F0B2413F406006D2F6A /* ColorPalette.swift in Sources */,
				298E7FC72434C30900723718 /* StaffNote.swift in Sources */,
				29289F0E2413F928006D2F6A /* Puzzle.swift in Sources */,
				2900F3FC2428F6FC00722102 /* ScaleViewController.swift in Sources */,
				29D994E22415360100EC274D /* SpeechGameScene.swift in Sources */,
				29289F0A2413F3FB006D2F6A /* InWorldPuzzleCountingGameScene.swift in Sources */,
				291366A224158DCC00C4BA8C /* AudioKitTestScene.swift in Sources */,
				291A095B2415799C00DC1BD2 /* SequencingTestScene.swift in Sources */,
				295F9BD6243B652800CEF6C2 /* Octave.swift in Sources */,
				29289F112413F9E3006D2F6A /* Operators.swift in Sources */,
				298E7FC52434C16D00723718 /* ChordsScene.swift in Sources */,
				295F9BD2243B649B00CEF6C2 /* Note.swift in Sources */,
				295F9BD8243B665800CEF6C2 /* Pitch.swift in Sources */,
				29289F122413F9EE006D2F6A /* SpriteKit-Spring.swift in Sources */,
				29C363D623F14CF0003C4DF4 /* QuizGameScene.swift in Sources */,
				295F9BDA243B66C200CEF6C2 /* Frequency.swift in Sources */,
				295F9BD4243B64EA00CEF6C2 /* Alteration.swift in Sources */,
				29289F062413F3EE006D2F6A /* Legacy_Note.swift in Sources */,
				29D48DA6243B4AA800355A86 /* Tuner2ViewController.swift in Sources */,
			);
			runOnlyForDeploymentPostprocessing = 0;
		};
		29A6A600242B62D900CA22D5 /* Sources */ = {
			isa = PBXSourcesBuildPhase;
			buildActionMask = 2147483647;
			files = (
				29A6A607242B62D900CA22D5 /* PianoGameTests.swift in Sources */,
			);
			runOnlyForDeploymentPostprocessing = 0;
		};
/* End PBXSourcesBuildPhase section */

/* Begin PBXTargetDependency section */
		29A6A60A242B62D900CA22D5 /* PBXTargetDependency */ = {
			isa = PBXTargetDependency;
			target = 296B1B8A23EB320300A7D97B /* PianoGame */;
			targetProxy = 29A6A609242B62D900CA22D5 /* PBXContainerItemProxy */;
		};
/* End PBXTargetDependency section */

/* Begin PBXVariantGroup section */
		296B1B9323EB320300A7D97B /* Main.storyboard */ = {
			isa = PBXVariantGroup;
			children = (
				296B1B9423EB320300A7D97B /* Base */,
			);
			name = Main.storyboard;
			sourceTree = "<group>";
		};
		296B1B9823EB320700A7D97B /* LaunchScreen.storyboard */ = {
			isa = PBXVariantGroup;
			children = (
				296B1B9923EB320700A7D97B /* Base */,
			);
			name = LaunchScreen.storyboard;
			sourceTree = "<group>";
		};
/* End PBXVariantGroup section */

/* Begin XCBuildConfiguration section */
		296B1B9C23EB320700A7D97B /* Debug */ = {
			isa = XCBuildConfiguration;
			buildSettings = {
				CODE_SIGN_ENTITLEMENTS = PianoGame/PianoGame.entitlements;
				CODE_SIGN_STYLE = Automatic;
				DERIVE_MACCATALYST_PRODUCT_BUNDLE_IDENTIFIER = YES;
				DEVELOPMENT_TEAM = 2N6DR3R99K;
				INFOPLIST_FILE = PianoGame/Info.plist;
				IPHONEOS_DEPLOYMENT_TARGET = 12.4;
				LD_RUNPATH_SEARCH_PATHS = (
					"$(inherited)",
					"@executable_path/Frameworks",
				);
				OTHER_LDFLAGS = "-lc++";
				PRODUCT_BUNDLE_IDENTIFIER = io.bintz.PianoGame;
				PRODUCT_NAME = PianoGame;
				SDKROOT = iphoneos;
				SUPPORTS_MACCATALYST = YES;
				SWIFT_VERSION = 5.0;
				TARGETED_DEVICE_FAMILY = "1,2";
			};
			name = Debug;
		};
		296B1B9D23EB320700A7D97B /* Release */ = {
			isa = XCBuildConfiguration;
			buildSettings = {
				CODE_SIGN_ENTITLEMENTS = PianoGame/PianoGame.entitlements;
				CODE_SIGN_STYLE = Automatic;
				DERIVE_MACCATALYST_PRODUCT_BUNDLE_IDENTIFIER = YES;
				DEVELOPMENT_TEAM = 2N6DR3R99K;
				INFOPLIST_FILE = PianoGame/Info.plist;
				IPHONEOS_DEPLOYMENT_TARGET = 12.4;
				LD_RUNPATH_SEARCH_PATHS = (
					"$(inherited)",
					"@executable_path/Frameworks",
				);
				OTHER_LDFLAGS = "-lc++";
				PRODUCT_BUNDLE_IDENTIFIER = io.bintz.PianoGame;
				PRODUCT_NAME = PianoGame;
				SDKROOT = iphoneos;
				SUPPORTS_MACCATALYST = YES;
				SWIFT_VERSION = 5.0;
				TARGETED_DEVICE_FAMILY = "1,2";
				VALIDATE_PRODUCT = YES;
			};
			name = Release;
		};
		29A6A60B242B62D900CA22D5 /* Debug */ = {
			isa = XCBuildConfiguration;
			buildSettings = {
				BUNDLE_LOADER = "$(TEST_HOST)";
				CODE_SIGN_STYLE = Automatic;
				DEVELOPMENT_TEAM = 2N6DR3R99K;
				INFOPLIST_FILE = PianoGameTests/Info.plist;
				IPHONEOS_DEPLOYMENT_TARGET = 13.4;
				LD_RUNPATH_SEARCH_PATHS = (
					"$(inherited)",
					"@executable_path/Frameworks",
					"@loader_path/Frameworks",
				);
				PRODUCT_BUNDLE_IDENTIFIER = io.bintz.PianoGameTests;
				PRODUCT_NAME = "$(TARGET_NAME)";
				SDKROOT = iphoneos;
				SWIFT_VERSION = 5.0;
				TARGETED_DEVICE_FAMILY = "1,2";
				TEST_HOST = "$(BUILT_PRODUCTS_DIR)/PianoGame.app/PianoGame";
			};
			name = Debug;
		};
		29A6A60C242B62D900CA22D5 /* Release */ = {
			isa = XCBuildConfiguration;
			buildSettings = {
				BUNDLE_LOADER = "$(TEST_HOST)";
				CODE_SIGN_STYLE = Automatic;
				DEVELOPMENT_TEAM = 2N6DR3R99K;
				INFOPLIST_FILE = PianoGameTests/Info.plist;
				IPHONEOS_DEPLOYMENT_TARGET = 13.4;
				LD_RUNPATH_SEARCH_PATHS = (
					"$(inherited)",
					"@executable_path/Frameworks",
					"@loader_path/Frameworks",
				);
				PRODUCT_BUNDLE_IDENTIFIER = io.bintz.PianoGameTests;
				PRODUCT_NAME = "$(TARGET_NAME)";
				SDKROOT = iphoneos;
				SWIFT_VERSION = 5.0;
				TARGETED_DEVICE_FAMILY = "1,2";
				TEST_HOST = "$(BUILT_PRODUCTS_DIR)/PianoGame.app/PianoGame";
				VALIDATE_PRODUCT = YES;
			};
			name = Release;
		};
		29F7524D23E6DBA700CC776C /* Debug */ = {
			isa = XCBuildConfiguration;
			buildSettings = {
				ALWAYS_SEARCH_USER_PATHS = NO;
				CLANG_ANALYZER_NONNULL = YES;
				CLANG_ANALYZER_NUMBER_OBJECT_CONVERSION = YES_AGGRESSIVE;
				CLANG_CXX_LANGUAGE_STANDARD = "gnu++14";
				CLANG_CXX_LIBRARY = "libc++";
				CLANG_ENABLE_MODULES = YES;
				CLANG_ENABLE_OBJC_ARC = YES;
				CLANG_ENABLE_OBJC_WEAK = YES;
				CLANG_WARN_BLOCK_CAPTURE_AUTORELEASING = YES;
				CLANG_WARN_BOOL_CONVERSION = YES;
				CLANG_WARN_COMMA = YES;
				CLANG_WARN_CONSTANT_CONVERSION = YES;
				CLANG_WARN_DEPRECATED_OBJC_IMPLEMENTATIONS = YES;
				CLANG_WARN_DIRECT_OBJC_ISA_USAGE = YES_ERROR;
				CLANG_WARN_DOCUMENTATION_COMMENTS = YES;
				CLANG_WARN_EMPTY_BODY = YES;
				CLANG_WARN_ENUM_CONVERSION = YES;
				CLANG_WARN_INFINITE_RECURSION = YES;
				CLANG_WARN_INT_CONVERSION = YES;
				CLANG_WARN_NON_LITERAL_NULL_CONVERSION = YES;
				CLANG_WARN_OBJC_IMPLICIT_RETAIN_SELF = YES;
				CLANG_WARN_OBJC_LITERAL_CONVERSION = YES;
				CLANG_WARN_OBJC_ROOT_CLASS = YES_ERROR;
				CLANG_WARN_RANGE_LOOP_ANALYSIS = YES;
				CLANG_WARN_STRICT_PROTOTYPES = YES;
				CLANG_WARN_SUSPICIOUS_MOVE = YES;
				CLANG_WARN_UNGUARDED_AVAILABILITY = YES_AGGRESSIVE;
				CLANG_WARN_UNREACHABLE_CODE = YES;
				CLANG_WARN__DUPLICATE_METHOD_MATCH = YES;
				COPY_PHASE_STRIP = NO;
				DEBUG_INFORMATION_FORMAT = dwarf;
				ENABLE_STRICT_OBJC_MSGSEND = YES;
				ENABLE_TESTABILITY = YES;
				GCC_C_LANGUAGE_STANDARD = gnu11;
				GCC_DYNAMIC_NO_PIC = NO;
				GCC_NO_COMMON_BLOCKS = YES;
				GCC_OPTIMIZATION_LEVEL = 0;
				GCC_PREPROCESSOR_DEFINITIONS = (
					"DEBUG=1",
					"$(inherited)",
				);
				GCC_WARN_64_TO_32_BIT_CONVERSION = YES;
				GCC_WARN_ABOUT_RETURN_TYPE = YES_ERROR;
				GCC_WARN_UNDECLARED_SELECTOR = YES;
				GCC_WARN_UNINITIALIZED_AUTOS = YES_AGGRESSIVE;
				GCC_WARN_UNUSED_FUNCTION = YES;
				GCC_WARN_UNUSED_VARIABLE = YES;
				MACOSX_DEPLOYMENT_TARGET = 10.15;
				MTL_ENABLE_DEBUG_INFO = INCLUDE_SOURCE;
				MTL_FAST_MATH = YES;
				ONLY_ACTIVE_ARCH = YES;
				SDKROOT = macosx;
				SWIFT_ACTIVE_COMPILATION_CONDITIONS = DEBUG;
				SWIFT_OPTIMIZATION_LEVEL = "-Onone";
			};
			name = Debug;
		};
		29F7524E23E6DBA700CC776C /* Release */ = {
			isa = XCBuildConfiguration;
			buildSettings = {
				ALWAYS_SEARCH_USER_PATHS = NO;
				CLANG_ANALYZER_NONNULL = YES;
				CLANG_ANALYZER_NUMBER_OBJECT_CONVERSION = YES_AGGRESSIVE;
				CLANG_CXX_LANGUAGE_STANDARD = "gnu++14";
				CLANG_CXX_LIBRARY = "libc++";
				CLANG_ENABLE_MODULES = YES;
				CLANG_ENABLE_OBJC_ARC = YES;
				CLANG_ENABLE_OBJC_WEAK = YES;
				CLANG_WARN_BLOCK_CAPTURE_AUTORELEASING = YES;
				CLANG_WARN_BOOL_CONVERSION = YES;
				CLANG_WARN_COMMA = YES;
				CLANG_WARN_CONSTANT_CONVERSION = YES;
				CLANG_WARN_DEPRECATED_OBJC_IMPLEMENTATIONS = YES;
				CLANG_WARN_DIRECT_OBJC_ISA_USAGE = YES_ERROR;
				CLANG_WARN_DOCUMENTATION_COMMENTS = YES;
				CLANG_WARN_EMPTY_BODY = YES;
				CLANG_WARN_ENUM_CONVERSION = YES;
				CLANG_WARN_INFINITE_RECURSION = YES;
				CLANG_WARN_INT_CONVERSION = YES;
				CLANG_WARN_NON_LITERAL_NULL_CONVERSION = YES;
				CLANG_WARN_OBJC_IMPLICIT_RETAIN_SELF = YES;
				CLANG_WARN_OBJC_LITERAL_CONVERSION = YES;
				CLANG_WARN_OBJC_ROOT_CLASS = YES_ERROR;
				CLANG_WARN_RANGE_LOOP_ANALYSIS = YES;
				CLANG_WARN_STRICT_PROTOTYPES = YES;
				CLANG_WARN_SUSPICIOUS_MOVE = YES;
				CLANG_WARN_UNGUARDED_AVAILABILITY = YES_AGGRESSIVE;
				CLANG_WARN_UNREACHABLE_CODE = YES;
				CLANG_WARN__DUPLICATE_METHOD_MATCH = YES;
				COPY_PHASE_STRIP = NO;
				DEBUG_INFORMATION_FORMAT = "dwarf-with-dsym";
				ENABLE_NS_ASSERTIONS = NO;
				ENABLE_STRICT_OBJC_MSGSEND = YES;
				GCC_C_LANGUAGE_STANDARD = gnu11;
				GCC_NO_COMMON_BLOCKS = YES;
				GCC_WARN_64_TO_32_BIT_CONVERSION = YES;
				GCC_WARN_ABOUT_RETURN_TYPE = YES_ERROR;
				GCC_WARN_UNDECLARED_SELECTOR = YES;
				GCC_WARN_UNINITIALIZED_AUTOS = YES_AGGRESSIVE;
				GCC_WARN_UNUSED_FUNCTION = YES;
				GCC_WARN_UNUSED_VARIABLE = YES;
				MACOSX_DEPLOYMENT_TARGET = 10.15;
				MTL_ENABLE_DEBUG_INFO = NO;
				MTL_FAST_MATH = YES;
				SDKROOT = macosx;
				SWIFT_COMPILATION_MODE = wholemodule;
				SWIFT_OPTIMIZATION_LEVEL = "-O";
			};
			name = Release;
		};
/* End XCBuildConfiguration section */

/* Begin XCConfigurationList section */
		296B1BA123EB320700A7D97B /* Build configuration list for PBXNativeTarget "PianoGame" */ = {
			isa = XCConfigurationList;
			buildConfigurations = (
				296B1B9C23EB320700A7D97B /* Debug */,
				296B1B9D23EB320700A7D97B /* Release */,
			);
			defaultConfigurationIsVisible = 0;
			defaultConfigurationName = Release;
		};
		29A6A612242B62D900CA22D5 /* Build configuration list for PBXNativeTarget "PianoGameTests" */ = {
			isa = XCConfigurationList;
			buildConfigurations = (
				29A6A60B242B62D900CA22D5 /* Debug */,
				29A6A60C242B62D900CA22D5 /* Release */,
			);
			defaultConfigurationIsVisible = 0;
			defaultConfigurationName = Release;
		};
		29F7523A23E6DBA600CC776C /* Build configuration list for PBXProject "PianoGame" */ = {
			isa = XCConfigurationList;
			buildConfigurations = (
				29F7524D23E6DBA700CC776C /* Debug */,
				29F7524E23E6DBA700CC776C /* Release */,
			);
			defaultConfigurationIsVisible = 0;
			defaultConfigurationName = Release;
		};
/* End XCConfigurationList section */

/* Begin XCRemoteSwiftPackageReference section */
		295B83A4240013D500993564 /* XCRemoteSwiftPackageReference "Percentage" */ = {
			isa = XCRemoteSwiftPackageReference;
			repositoryURL = "https://github.com/sindresorhus/Percentage";
			requirement = {
				kind = upToNextMajorVersion;
				minimumVersion = 0.2.0;
			};
		};
/* End XCRemoteSwiftPackageReference section */

/* Begin XCSwiftPackageProductDependency section */
		2996D379243B4DF300175031 /* Percent */ = {
			isa = XCSwiftPackageProductDependency;
			package = 295B83A4240013D500993564 /* XCRemoteSwiftPackageReference "Percentage" */;
			productName = Percent;
		};
/* End XCSwiftPackageProductDependency section */
	};
	rootObject = 29F7523723E6DBA600CC776C /* Project object */;
}
